{
  "version": 4,
  "terraform_version": "1.3.5",
  "serial": 294,
  "lineage": "d472d09c-1ccf-0a30-02a5-8b6f4e6c6e94",
  "outputs": {
    "alb_dns_name": {
      "value": "ext-alb-1505611749.us-east-1.elb.amazonaws.com",
      "type": "string"
    },
    "alb_target_group_arn": {
      "value": "arn:aws:elasticloadbalancing:us-east-1:945397719425:targetgroup/nginx-tgt/265d4f88ee40a48a",
      "type": "string"
    }
  },
  "resources": [
    {
      "mode": "data",
      "type": "aws_availability_zones",
      "name": "available",
      "provider": "provider[\"registry.terraform.io/hashicorp/aws\"]",
      "instances": [
        {
          "schema_version": 0,
          "attributes": {
            "all_availability_zones": null,
            "exclude_names": null,
            "exclude_zone_ids": null,
            "filter": null,
            "group_names": [
              "us-east-1"
            ],
            "id": "us-east-1",
            "names": [
              "us-east-1a",
              "us-east-1b",
              "us-east-1c",
              "us-east-1d",
              "us-east-1e",
              "us-east-1f"
            ],
            "state": "available",
            "timeouts": null,
            "zone_ids": [
              "use1-az1",
              "use1-az2",
              "use1-az4",
              "use1-az6",
              "use1-az3",
              "use1-az5"
            ]
          },
          "sensitive_attributes": []
        }
      ]
    },
    {
      "mode": "data",
      "type": "aws_route53_zone",
      "name": "zireuz",
      "provider": "provider[\"registry.terraform.io/hashicorp/aws\"]",
      "instances": [
        {
          "schema_version": 0,
          "attributes": {
            "arn": "arn:aws:route53:::hostedzone/Z0515860E76HSNIHAFUM",
            "caller_reference": "9b83c3fc-ebc5-4e9c-88b3-ad4ac0963ba8",
            "comment": "",
            "id": "Z0515860E76HSNIHAFUM",
            "linked_service_description": null,
            "linked_service_principal": null,
            "name": "zireuz.ga",
            "name_servers": [
              "ns-703.awsdns-23.net",
              "ns-19.awsdns-02.com",
              "ns-1437.awsdns-51.org",
              "ns-1604.awsdns-08.co.uk"
            ],
            "primary_name_server": "ns-703.awsdns-23.net",
            "private_zone": false,
            "resource_record_set_count": 2,
            "tags": {},
            "vpc_id": null,
            "zone_id": "Z0515860E76HSNIHAFUM"
          },
          "sensitive_attributes": []
        }
      ]
    },
    {
      "mode": "managed",
      "type": "aws_acm_certificate",
      "name": "zireuz",
      "provider": "provider[\"registry.terraform.io/hashicorp/aws\"]",
      "instances": [
        {
          "schema_version": 0,
          "attributes": {
            "arn": "arn:aws:acm:us-east-1:945397719425:certificate/5928552e-e1f9-420f-b553-a1a3608c3af5",
            "certificate_authority_arn": "",
            "certificate_body": null,
            "certificate_chain": null,
            "domain_name": "*.zireuz.ga",
            "domain_validation_options": [
              {
                "domain_name": "*.zireuz.ga",
                "resource_record_name": "_f43694477057ee4665280486bff35225.zireuz.ga.",
                "resource_record_type": "CNAME",
                "resource_record_value": "_37030ba14b289558ff851edbc500abe3.mwfgkbkczp.acm-validations.aws."
              }
            ],
            "early_renewal_duration": "",
            "id": "arn:aws:acm:us-east-1:945397719425:certificate/5928552e-e1f9-420f-b553-a1a3608c3af5",
            "key_algorithm": "RSA_2048",
            "not_after": "",
            "not_before": "",
            "options": [
              {
                "certificate_transparency_logging_preference": "ENABLED"
              }
            ],
            "pending_renewal": false,
            "private_key": null,
            "renewal_eligibility": "INELIGIBLE",
            "renewal_summary": [],
            "status": "PENDING_VALIDATION",
            "subject_alternative_names": [
              "*.zireuz.ga"
            ],
            "tags": null,
            "tags_all": {},
            "type": "AMAZON_ISSUED",
            "validation_emails": [],
            "validation_method": "DNS",
            "validation_option": []
          },
          "sensitive_attributes": [],
          "private": "bnVsbA=="
        }
      ]
    },
    {
      "mode": "managed",
      "type": "aws_acm_certificate_validation",
      "name": "zireuz",
      "provider": "provider[\"registry.terraform.io/hashicorp/aws\"]",
      "instances": [
        {
          "schema_version": 0,
          "attributes": {
            "certificate_arn": "arn:aws:acm:us-east-1:945397719425:certificate/5928552e-e1f9-420f-b553-a1a3608c3af5",
            "id": "2022-12-12 03:13:30.243 +0000 UTC",
            "timeouts": null,
            "validation_record_fqdns": [
              "_f43694477057ee4665280486bff35225.zireuz.ga"
            ]
          },
          "sensitive_attributes": [],
          "private": "eyJlMmJmYjczMC1lY2FhLTExZTYtOGY4OC0zNDM2M2JjN2M0YzAiOnsiY3JlYXRlIjo0NTAwMDAwMDAwMDAwfX0=",
          "dependencies": [
            "aws_acm_certificate.zireuz",
            "aws_route53_record.zireuz",
            "data.aws_route53_zone.zireuz"
          ]
        }
      ]
    },
    {
      "mode": "managed",
      "type": "aws_autoscaling_attachment",
      "name": "asg_attachment_nginx",
      "provider": "provider[\"registry.terraform.io/hashicorp/aws\"]",
      "instances": [
        {
          "schema_version": 0,
          "attributes": {
            "alb_target_group_arn": null,
            "autoscaling_group_name": "nginx-asg",
            "elb": null,
            "id": "nginx-asg-2022121203144460450000000f",
            "lb_target_group_arn": "arn:aws:elasticloadbalancing:us-east-1:945397719425:targetgroup/nginx-tgt/265d4f88ee40a48a"
          },
          "sensitive_attributes": [],
          "private": "bnVsbA==",
          "dependencies": [
            "aws_autoscaling_group.nginx-asg",
            "aws_iam_instance_profile.ip",
            "aws_iam_role.ec2_instance_role",
            "aws_launch_template.nginx-launch-template",
            "aws_lb_target_group.nginx-tgt",
            "aws_security_group.nginx-sg",
            "aws_subnet.public",
            "aws_vpc.main",
            "data.aws_availability_zones.available"
          ]
        }
      ]
    },
    {
      "mode": "managed",
      "type": "aws_autoscaling_attachment",
      "name": "asg_attachment_tooling",
      "provider": "provider[\"registry.terraform.io/hashicorp/aws\"]",
      "instances": [
        {
          "schema_version": 0,
          "attributes": {
            "alb_target_group_arn": "arn:aws:elasticloadbalancing:us-east-1:945397719425:targetgroup/tooling-tgt/2ede35cbada010be",
            "autoscaling_group_name": "tooling-asg",
            "elb": null,
            "id": "tooling-asg-2022121203142250330000000d",
            "lb_target_group_arn": null
          },
          "sensitive_attributes": [],
          "private": "bnVsbA==",
          "dependencies": [
            "aws_autoscaling_group.tooling-asg",
            "aws_iam_instance_profile.ip",
            "aws_iam_role.ec2_instance_role",
            "aws_launch_template.tooling-launch-template",
            "aws_lb_target_group.tooling-tgt",
            "aws_security_group.webserver-sg",
            "aws_subnet.private",
            "aws_vpc.main",
            "data.aws_availability_zones.available"
          ]
        }
      ]
    },
    {
      "mode": "managed",
      "type": "aws_autoscaling_attachment",
      "name": "asg_attachment_wordpress",
      "provider": "provider[\"registry.terraform.io/hashicorp/aws\"]",
      "instances": [
        {
          "schema_version": 0,
          "attributes": {
            "alb_target_group_arn": "arn:aws:elasticloadbalancing:us-east-1:945397719425:targetgroup/wordpress-tgt/f555ac3e97c0c2e0",
            "autoscaling_group_name": "wordpress-asg",
            "elb": null,
            "id": "wordpress-asg-2022121203142250330000000e",
            "lb_target_group_arn": null
          },
          "sensitive_attributes": [],
          "private": "bnVsbA==",
          "dependencies": [
            "aws_autoscaling_group.wordpress-asg",
            "aws_iam_instance_profile.ip",
            "aws_iam_role.ec2_instance_role",
            "aws_launch_template.wordpress-launch-template",
            "aws_lb_target_group.wordpress-tgt",
            "aws_security_group.webserver-sg",
            "aws_subnet.private",
            "aws_vpc.main",
            "data.aws_availability_zones.available"
          ]
        }
      ]
    },
    {
      "mode": "managed",
      "type": "aws_autoscaling_group",
      "name": "bastion-asg",
      "provider": "provider[\"registry.terraform.io/hashicorp/aws\"]",
      "instances": [
        {
          "schema_version": 0,
          "attributes": {
            "arn": "arn:aws:autoscaling:us-east-1:945397719425:autoScalingGroup:795ec857-5e35-46e8-bd08-c82943633a1a:autoScalingGroupName/bastion-asg",
            "availability_zones": [
              "us-east-1a",
              "us-east-1b"
            ],
            "capacity_rebalance": false,
            "context": "",
            "default_cooldown": 300,
            "default_instance_warmup": 0,
            "desired_capacity": 2,
            "enabled_metrics": null,
            "force_delete": false,
            "force_delete_warm_pool": false,
            "health_check_grace_period": 300,
            "health_check_type": "ELB",
            "id": "bastion-asg",
            "initial_lifecycle_hook": [],
            "instance_refresh": [],
            "launch_configuration": "",
            "launch_template": [
              {
                "id": "lt-01b95f9af44500232",
                "name": "terraform-20221212031330233500000003",
                "version": "$Latest"
              }
            ],
            "load_balancers": null,
            "max_instance_lifetime": 0,
            "max_size": 2,
            "metrics_granularity": "1Minute",
            "min_elb_capacity": null,
            "min_size": 2,
            "mixed_instances_policy": [],
            "name": "bastion-asg",
            "name_prefix": "",
            "placement_group": "",
            "protect_from_scale_in": false,
            "service_linked_role_arn": "arn:aws:iam::945397719425:role/aws-service-role/autoscaling.amazonaws.com/AWSServiceRoleForAutoScaling",
            "suspended_processes": null,
            "tag": [
              {
                "key": "Name",
                "propagate_at_launch": true,
                "value": "ACS-bastion"
              }
            ],
            "tags": null,
            "target_group_arns": null,
            "termination_policies": null,
            "timeouts": null,
            "vpc_zone_identifier": [
              "subnet-0b52952bfab926a5f",
              "subnet-0e46e0e70860ccf48"
            ],
            "wait_for_capacity_timeout": "10m",
            "wait_for_elb_capacity": null,
            "warm_pool": []
          },
          "sensitive_attributes": [],
          "private": "eyJlMmJmYjczMC1lY2FhLTExZTYtOGY4OC0zNDM2M2JjN2M0YzAiOnsiZGVsZXRlIjo2MDAwMDAwMDAwMDAsInVwZGF0ZSI6NjAwMDAwMDAwMDAwfX0=",
          "dependencies": [
            "aws_iam_instance_profile.ip",
            "aws_iam_role.ec2_instance_role",
            "aws_launch_template.bastion-launch-template",
            "aws_security_group.bastion_sg",
            "aws_subnet.public",
            "aws_vpc.main",
            "data.aws_availability_zones.available"
          ]
        }
      ]
    },
    {
      "mode": "managed",
      "type": "aws_autoscaling_group",
      "name": "nginx-asg",
      "provider": "provider[\"registry.terraform.io/hashicorp/aws\"]",
      "instances": [
        {
          "schema_version": 0,
          "attributes": {
            "arn": "arn:aws:autoscaling:us-east-1:945397719425:autoScalingGroup:e303c180-8b4e-4fc5-843c-ee6ad263b9ad:autoScalingGroupName/nginx-asg",
            "availability_zones": [
              "us-east-1a",
              "us-east-1b"
            ],
            "capacity_rebalance": false,
            "context": "",
            "default_cooldown": 300,
            "default_instance_warmup": 0,
            "desired_capacity": 1,
            "enabled_metrics": null,
            "force_delete": false,
            "force_delete_warm_pool": false,
            "health_check_grace_period": 300,
            "health_check_type": "ELB",
            "id": "nginx-asg",
            "initial_lifecycle_hook": [],
            "instance_refresh": [],
            "launch_configuration": "",
            "launch_template": [
              {
                "id": "lt-01009f215b1583fab",
                "name": "terraform-20221212031333543800000009",
                "version": "$Latest"
              }
            ],
            "load_balancers": null,
            "max_instance_lifetime": 0,
            "max_size": 2,
            "metrics_granularity": "1Minute",
            "min_elb_capacity": null,
            "min_size": 1,
            "mixed_instances_policy": [],
            "name": "nginx-asg",
            "name_prefix": "",
            "placement_group": "",
            "protect_from_scale_in": false,
            "service_linked_role_arn": "arn:aws:iam::945397719425:role/aws-service-role/autoscaling.amazonaws.com/AWSServiceRoleForAutoScaling",
            "suspended_processes": null,
            "tag": [
              {
                "key": "Name",
                "propagate_at_launch": true,
                "value": "ACS-nginx"
              }
            ],
            "tags": null,
            "target_group_arns": null,
            "termination_policies": null,
            "timeouts": null,
            "vpc_zone_identifier": [
              "subnet-0b52952bfab926a5f",
              "subnet-0e46e0e70860ccf48"
            ],
            "wait_for_capacity_timeout": "10m",
            "wait_for_elb_capacity": null,
            "warm_pool": []
          },
          "sensitive_attributes": [],
          "private": "eyJlMmJmYjczMC1lY2FhLTExZTYtOGY4OC0zNDM2M2JjN2M0YzAiOnsiZGVsZXRlIjo2MDAwMDAwMDAwMDAsInVwZGF0ZSI6NjAwMDAwMDAwMDAwfX0=",
          "dependencies": [
            "aws_iam_instance_profile.ip",
            "aws_iam_role.ec2_instance_role",
            "aws_launch_template.nginx-launch-template",
            "aws_security_group.nginx-sg",
            "aws_subnet.public",
            "aws_vpc.main",
            "data.aws_availability_zones.available"
          ]
        }
      ]
    },
    {
      "mode": "managed",
      "type": "aws_autoscaling_group",
      "name": "tooling-asg",
      "provider": "provider[\"registry.terraform.io/hashicorp/aws\"]",
      "instances": [
        {
          "schema_version": 0,
          "attributes": {
            "arn": "arn:aws:autoscaling:us-east-1:945397719425:autoScalingGroup:831cd1c5-50c3-4ae5-8e1b-2b2d313c6506:autoScalingGroupName/tooling-asg",
            "availability_zones": [
              "us-east-1a",
              "us-east-1b"
            ],
            "capacity_rebalance": false,
            "context": "",
            "default_cooldown": 300,
            "default_instance_warmup": 0,
            "desired_capacity": 1,
            "enabled_metrics": null,
            "force_delete": false,
            "force_delete_warm_pool": false,
            "health_check_grace_period": 300,
            "health_check_type": "ELB",
            "id": "tooling-asg",
            "initial_lifecycle_hook": [],
            "instance_refresh": [],
            "launch_configuration": "",
            "launch_template": [
              {
                "id": "lt-0dd75e1608b2977a6",
                "name": "terraform-20221212031330261500000005",
                "version": "$Latest"
              }
            ],
            "load_balancers": null,
            "max_instance_lifetime": 0,
            "max_size": 2,
            "metrics_granularity": "1Minute",
            "min_elb_capacity": null,
            "min_size": 1,
            "mixed_instances_policy": [],
            "name": "tooling-asg",
            "name_prefix": "",
            "placement_group": "",
            "protect_from_scale_in": false,
            "service_linked_role_arn": "arn:aws:iam::945397719425:role/aws-service-role/autoscaling.amazonaws.com/AWSServiceRoleForAutoScaling",
            "suspended_processes": null,
            "tag": [
              {
                "key": "Name",
                "propagate_at_launch": true,
                "value": "ACS-tooling"
              }
            ],
            "tags": null,
            "target_group_arns": null,
            "termination_policies": null,
            "timeouts": null,
            "vpc_zone_identifier": [
              "subnet-02840f9ac8ed51ead",
              "subnet-0e64015dc36326069"
            ],
            "wait_for_capacity_timeout": "10m",
            "wait_for_elb_capacity": null,
            "warm_pool": []
          },
          "sensitive_attributes": [],
          "private": "eyJlMmJmYjczMC1lY2FhLTExZTYtOGY4OC0zNDM2M2JjN2M0YzAiOnsiZGVsZXRlIjo2MDAwMDAwMDAwMDAsInVwZGF0ZSI6NjAwMDAwMDAwMDAwfX0=",
          "dependencies": [
            "aws_iam_instance_profile.ip",
            "aws_iam_role.ec2_instance_role",
            "aws_launch_template.tooling-launch-template",
            "aws_security_group.webserver-sg",
            "aws_subnet.private",
            "aws_vpc.main",
            "data.aws_availability_zones.available"
          ]
        }
      ]
    },
    {
      "mode": "managed",
      "type": "aws_autoscaling_group",
      "name": "wordpress-asg",
      "provider": "provider[\"registry.terraform.io/hashicorp/aws\"]",
      "instances": [
        {
          "schema_version": 0,
          "attributes": {
            "arn": "arn:aws:autoscaling:us-east-1:945397719425:autoScalingGroup:68a1c18b-9649-4f13-b7f6-4af0e4a13632:autoScalingGroupName/wordpress-asg",
            "availability_zones": [
              "us-east-1a",
              "us-east-1b"
            ],
            "capacity_rebalance": false,
            "context": "",
            "default_cooldown": 300,
            "default_instance_warmup": 0,
            "desired_capacity": 1,
            "enabled_metrics": null,
            "force_delete": false,
            "force_delete_warm_pool": false,
            "health_check_grace_period": 300,
            "health_check_type": "ELB",
            "id": "wordpress-asg",
            "initial_lifecycle_hook": [],
            "instance_refresh": [],
            "launch_configuration": "",
            "launch_template": [
              {
                "id": "lt-006ea16f582341fbf",
                "name": "terraform-20221212031331562700000007",
                "version": "$Latest"
              }
            ],
            "load_balancers": null,
            "max_instance_lifetime": 0,
            "max_size": 2,
            "metrics_granularity": "1Minute",
            "min_elb_capacity": null,
            "min_size": 1,
            "mixed_instances_policy": [],
            "name": "wordpress-asg",
            "name_prefix": "",
            "placement_group": "",
            "protect_from_scale_in": false,
            "service_linked_role_arn": "arn:aws:iam::945397719425:role/aws-service-role/autoscaling.amazonaws.com/AWSServiceRoleForAutoScaling",
            "suspended_processes": null,
            "tag": [
              {
                "key": "Name",
                "propagate_at_launch": true,
                "value": "ACS-wordpress"
              }
            ],
            "tags": null,
            "target_group_arns": null,
            "termination_policies": null,
            "timeouts": null,
            "vpc_zone_identifier": [
              "subnet-02840f9ac8ed51ead",
              "subnet-0e64015dc36326069"
            ],
            "wait_for_capacity_timeout": "10m",
            "wait_for_elb_capacity": null,
            "warm_pool": []
          },
          "sensitive_attributes": [],
          "private": "eyJlMmJmYjczMC1lY2FhLTExZTYtOGY4OC0zNDM2M2JjN2M0YzAiOnsiZGVsZXRlIjo2MDAwMDAwMDAwMDAsInVwZGF0ZSI6NjAwMDAwMDAwMDAwfX0=",
          "dependencies": [
            "aws_iam_instance_profile.ip",
            "aws_iam_role.ec2_instance_role",
            "aws_launch_template.wordpress-launch-template",
            "aws_security_group.webserver-sg",
            "aws_subnet.private",
            "aws_vpc.main",
            "data.aws_availability_zones.available"
          ]
        }
      ]
    },
    {
      "mode": "managed",
      "type": "aws_autoscaling_notification",
      "name": "micolo_notifications",
      "provider": "provider[\"registry.terraform.io/hashicorp/aws\"]",
      "instances": [
        {
          "schema_version": 0,
          "attributes": {
            "group_names": [
              "bastion-asg",
              "nginx-asg",
              "tooling-asg",
              "wordpress-asg"
            ],
            "id": "arn:aws:sns:us-east-1:945397719425:Default_CloudWatch_Alarms_Topic",
            "notifications": [
              "autoscaling:EC2_INSTANCE_LAUNCH",
              "autoscaling:EC2_INSTANCE_LAUNCH_ERROR",
              "autoscaling:EC2_INSTANCE_TERMINATE",
              "autoscaling:EC2_INSTANCE_TERMINATE_ERROR"
            ],
            "topic_arn": "arn:aws:sns:us-east-1:945397719425:Default_CloudWatch_Alarms_Topic"
          },
          "sensitive_attributes": [],
          "private": "bnVsbA==",
          "dependencies": [
            "aws_autoscaling_group.bastion-asg",
            "aws_autoscaling_group.nginx-asg",
            "aws_autoscaling_group.tooling-asg",
            "aws_autoscaling_group.wordpress-asg",
            "aws_iam_instance_profile.ip",
            "aws_iam_role.ec2_instance_role",
            "aws_launch_template.bastion-launch-template",
            "aws_launch_template.nginx-launch-template",
            "aws_launch_template.tooling-launch-template",
            "aws_launch_template.wordpress-launch-template",
            "aws_security_group.bastion_sg",
            "aws_security_group.nginx-sg",
            "aws_security_group.webserver-sg",
            "aws_sns_topic.micolo-sns",
            "aws_subnet.private",
            "aws_subnet.public",
            "aws_vpc.main",
            "data.aws_availability_zones.available"
          ]
        }
      ]
    },
    {
      "mode": "managed",
      "type": "aws_db_instance",
      "name": "ACS-rds",
      "provider": "provider[\"registry.terraform.io/hashicorp/aws\"]",
      "instances": [
        {
          "status": "tainted",
          "schema_version": 1,
          "attributes": {
            "address": null,
            "allocated_storage": 20,
            "allow_major_version_upgrade": null,
            "apply_immediately": null,
            "arn": null,
            "auto_minor_version_upgrade": true,
            "availability_zone": null,
            "backup_retention_period": null,
            "backup_window": null,
            "blue_green_update": [],
            "ca_cert_identifier": null,
            "character_set_name": null,
            "copy_tags_to_snapshot": false,
            "custom_iam_instance_profile": null,
            "customer_owned_ip_enabled": null,
            "db_name": null,
            "db_subnet_group_name": "acs-rds",
            "delete_automated_backups": true,
            "deletion_protection": null,
            "domain": null,
            "domain_iam_role_name": null,
            "enabled_cloudwatch_logs_exports": null,
            "endpoint": null,
            "engine": "mysql",
            "engine_version": "5.7",
            "engine_version_actual": null,
            "final_snapshot_identifier": null,
            "hosted_zone_id": null,
            "iam_database_authentication_enabled": null,
            "id": "terraform-2022121203134242010000000c",
            "identifier": null,
            "identifier_prefix": null,
            "instance_class": "db.t2.micro",
            "iops": null,
            "kms_key_id": null,
            "latest_restorable_time": null,
            "license_model": null,
            "maintenance_window": null,
            "max_allocated_storage": null,
            "monitoring_interval": 0,
            "monitoring_role_arn": null,
            "multi_az": true,
            "name": "uzuazorarodb",
            "nchar_character_set_name": null,
            "network_type": null,
            "option_group_name": null,
            "parameter_group_name": "default.mysql5.7",
            "password": "devopstraining",
            "performance_insights_enabled": false,
            "performance_insights_kms_key_id": null,
            "performance_insights_retention_period": null,
            "port": null,
            "publicly_accessible": false,
            "replica_mode": null,
            "replicas": null,
            "replicate_source_db": null,
            "resource_id": null,
            "restore_to_point_in_time": [],
            "s3_import": [],
            "security_group_names": null,
            "skip_final_snapshot": true,
            "snapshot_identifier": null,
            "status": null,
            "storage_encrypted": null,
            "storage_throughput": null,
            "storage_type": "gp2",
            "tags": null,
            "tags_all": null,
            "timeouts": null,
            "timezone": null,
            "username": "uzuazoraro",
            "vpc_security_group_ids": [
              "sg-0f557f974695d25b9"
            ]
          },
          "sensitive_attributes": [],
          "private": "eyJlMmJmYjczMC1lY2FhLTExZTYtOGY4OC0zNDM2M2JjN2M0YzAiOnsiY3JlYXRlIjoyNDAwMDAwMDAwMDAwLCJkZWxldGUiOjM2MDAwMDAwMDAwMDAsInVwZGF0ZSI6NDgwMDAwMDAwMDAwMH0sInNjaGVtYV92ZXJzaW9uIjoiMSJ9",
          "dependencies": [
            "aws_db_subnet_group.ACS-rds",
            "aws_security_group.datalayer-sg",
            "aws_subnet.private",
            "aws_vpc.main",
            "data.aws_availability_zones.available"
          ]
        }
      ]
    },
    {
      "mode": "managed",
      "type": "aws_db_subnet_group",
      "name": "ACS-rds",
      "provider": "provider[\"registry.terraform.io/hashicorp/aws\"]",
      "instances": [
        {
          "schema_version": 0,
          "attributes": {
            "arn": "arn:aws:rds:us-east-1:945397719425:subgrp:acs-rds",
            "description": "Managed by Terraform",
            "id": "acs-rds",
            "name": "acs-rds",
            "name_prefix": "",
            "subnet_ids": [
              "subnet-05ad73cc2d6768a5c",
              "subnet-0b24bd5a63f408746"
            ],
            "supported_network_types": [
              "IPV4"
            ],
            "tags": {
              "Name": "ACS-rds"
            },
            "tags_all": {
              "Name": "ACS-rds"
            }
          },
          "sensitive_attributes": [],
          "private": "bnVsbA==",
          "dependencies": [
            "aws_subnet.private",
            "aws_vpc.main",
            "data.aws_availability_zones.available"
          ]
        }
      ]
    },
    {
      "mode": "managed",
      "type": "aws_efs_access_point",
      "name": "tooling",
      "provider": "provider[\"registry.terraform.io/hashicorp/aws\"]",
      "instances": []
    },
    {
      "mode": "managed",
      "type": "aws_efs_access_point",
      "name": "wordpress",
      "provider": "provider[\"registry.terraform.io/hashicorp/aws\"]",
      "instances": []
    },
    {
      "mode": "managed",
      "type": "aws_efs_file_system",
      "name": "ACS-efs",
      "provider": "provider[\"registry.terraform.io/hashicorp/aws\"]",
      "instances": []
    },
    {
      "mode": "managed",
      "type": "aws_efs_mount_target",
      "name": "subnet-1",
      "provider": "provider[\"registry.terraform.io/hashicorp/aws\"]",
      "instances": []
    },
    {
      "mode": "managed",
      "type": "aws_efs_mount_target",
      "name": "subnet-2",
      "provider": "provider[\"registry.terraform.io/hashicorp/aws\"]",
      "instances": []
    },
    {
      "mode": "managed",
      "type": "aws_eip",
      "name": "nat_eip",
      "provider": "provider[\"registry.terraform.io/hashicorp/aws\"]",
      "instances": [
        {
          "schema_version": 0,
          "attributes": {
            "address": null,
            "allocation_id": "eipalloc-0bbfb9e620060b984",
            "associate_with_private_ip": null,
            "association_id": "",
            "carrier_ip": "",
            "customer_owned_ip": "",
            "customer_owned_ipv4_pool": "",
            "domain": "vpc",
            "id": "eipalloc-0bbfb9e620060b984",
            "instance": "",
            "network_border_group": "us-east-1",
            "network_interface": "",
            "private_dns": null,
            "private_ip": "",
            "public_dns": "ec2-34-192-77-222.compute-1.amazonaws.com",
            "public_ip": "34.192.77.222",
            "public_ipv4_pool": "amazon",
            "tags": {
              "Billing-Account": "1234567890",
              "Managed-by": "Terraform",
              "Name": "ACS-EIP-dev",
              "Owner-Email": "micaho2000@gmail.com"
            },
            "tags_all": {
              "Billing-Account": "1234567890",
              "Managed-by": "Terraform",
              "Name": "ACS-EIP-dev",
              "Owner-Email": "micaho2000@gmail.com"
            },
            "timeouts": null,
            "vpc": true
          },
          "sensitive_attributes": [],
          "private": "eyJlMmJmYjczMC1lY2FhLTExZTYtOGY4OC0zNDM2M2JjN2M0YzAiOnsiZGVsZXRlIjoxODAwMDAwMDAwMDAsInJlYWQiOjkwMDAwMDAwMDAwMCwidXBkYXRlIjozMDAwMDAwMDAwMDB9fQ==",
          "dependencies": [
            "aws_internet_gateway.ig",
            "aws_vpc.main"
          ]
        }
      ]
    },
    {
      "mode": "managed",
      "type": "aws_iam_instance_profile",
      "name": "ip",
      "provider": "provider[\"registry.terraform.io/hashicorp/aws\"]",
      "instances": [
        {
          "schema_version": 0,
          "attributes": {
            "arn": "arn:aws:iam::945397719425:instance-profile/aws_instance_profile_test",
            "create_date": "2022-12-12T03:13:09Z",
            "id": "aws_instance_profile_test",
            "name": "aws_instance_profile_test",
            "name_prefix": null,
            "path": "/",
            "role": "ec2_instance_role",
            "tags": null,
            "tags_all": {},
            "unique_id": "AIPA5YHQYMGAZXLGOQCSB"
          },
          "sensitive_attributes": [],
          "private": "bnVsbA==",
          "dependencies": [
            "aws_iam_role.ec2_instance_role"
          ],
          "create_before_destroy": true
        }
      ]
    },
    {
      "mode": "managed",
      "type": "aws_iam_policy",
      "name": "policy",
      "provider": "provider[\"registry.terraform.io/hashicorp/aws\"]",
      "instances": [
        {
          "schema_version": 0,
          "attributes": {
            "arn": "arn:aws:iam::945397719425:policy/ec2_instance_policy",
            "description": "A test policy",
            "id": "arn:aws:iam::945397719425:policy/ec2_instance_policy",
            "name": "ec2_instance_policy",
            "name_prefix": null,
            "path": "/",
            "policy": "{\"Statement\":[{\"Action\":[\"ec2:Describe*\"],\"Effect\":\"Allow\",\"Resource\":\"*\"}],\"Version\":\"2012-10-17\"}",
            "policy_id": "ANPA5YHQYMGAQMXWX333C",
            "tags": {
              "Environment": "dev",
              "Name": "aws assume policy"
            },
            "tags_all": {
              "Environment": "dev",
              "Name": "aws assume policy"
            }
          },
          "sensitive_attributes": [],
          "private": "bnVsbA=="
        }
      ]
    },
    {
      "mode": "managed",
      "type": "aws_iam_role",
      "name": "ec2_instance_role",
      "provider": "provider[\"registry.terraform.io/hashicorp/aws\"]",
      "instances": [
        {
          "schema_version": 0,
          "attributes": {
            "arn": "arn:aws:iam::945397719425:role/ec2_instance_role",
            "assume_role_policy": "{\"Statement\":[{\"Action\":\"sts:AssumeRole\",\"Effect\":\"Allow\",\"Principal\":{\"Service\":\"ec2.amazonaws.com\"},\"Sid\":\"\"}],\"Version\":\"2012-10-17\"}",
            "create_date": "2022-12-12T03:13:09Z",
            "description": "",
            "force_detach_policies": false,
            "id": "ec2_instance_role",
            "inline_policy": [],
            "managed_policy_arns": [],
            "max_session_duration": 3600,
            "name": "ec2_instance_role",
            "name_prefix": "",
            "path": "/",
            "permissions_boundary": null,
            "tags": {
              "Environment": "dev",
              "Name": "aws assume role"
            },
            "tags_all": {
              "Environment": "dev",
              "Name": "aws assume role"
            },
            "unique_id": "AROA5YHQYMGA7J4AHZFPV"
          },
          "sensitive_attributes": [],
          "private": "bnVsbA==",
          "create_before_destroy": true
        }
      ]
    },
    {
      "mode": "managed",
      "type": "aws_iam_role_policy_attachment",
      "name": "test-attach",
      "provider": "provider[\"registry.terraform.io/hashicorp/aws\"]",
      "instances": [
        {
          "schema_version": 0,
          "attributes": {
            "id": "ec2_instance_role-20221212031311636600000002",
            "policy_arn": "arn:aws:iam::945397719425:policy/ec2_instance_policy",
            "role": "ec2_instance_role"
          },
          "sensitive_attributes": [],
          "private": "bnVsbA==",
          "dependencies": [
            "aws_iam_policy.policy",
            "aws_iam_role.ec2_instance_role"
          ]
        }
      ]
    },
    {
      "mode": "managed",
      "type": "aws_internet_gateway",
      "name": "ig",
      "provider": "provider[\"registry.terraform.io/hashicorp/aws\"]",
      "instances": [
        {
          "schema_version": 0,
          "attributes": {
            "arn": "arn:aws:ec2:us-east-1:945397719425:internet-gateway/igw-0f177342be119aab2",
            "id": "igw-0f177342be119aab2",
            "owner_id": "945397719425",
            "tags": {
              "Billing-Account": "1234567890",
              "Managed-by": "Terraform",
              "Name": "ACS-vpc-0e98339b31d9a4452-IG!",
              "Owner-Email": "micaho2000@gmail.com"
            },
            "tags_all": {
              "Billing-Account": "1234567890",
              "Managed-by": "Terraform",
              "Name": "ACS-vpc-0e98339b31d9a4452-IG!",
              "Owner-Email": "micaho2000@gmail.com"
            },
            "timeouts": null,
            "vpc_id": "vpc-0e98339b31d9a4452"
          },
          "sensitive_attributes": [],
          "private": "eyJlMmJmYjczMC1lY2FhLTExZTYtOGY4OC0zNDM2M2JjN2M0YzAiOnsiY3JlYXRlIjoxMjAwMDAwMDAwMDAwLCJkZWxldGUiOjEyMDAwMDAwMDAwMDAsInVwZGF0ZSI6MTIwMDAwMDAwMDAwMH19",
          "dependencies": [
            "aws_vpc.main"
          ]
        }
      ]
    },
    {
      "mode": "managed",
      "type": "aws_kms_alias",
      "name": "alias",
      "provider": "provider[\"registry.terraform.io/hashicorp/aws\"]",
      "instances": []
    },
    {
      "mode": "managed",
      "type": "aws_launch_template",
      "name": "bastion-launch-template",
      "provider": "provider[\"registry.terraform.io/hashicorp/aws\"]",
      "instances": [
        {
          "schema_version": 0,
          "attributes": {
            "arn": "arn:aws:ec2:us-east-1:945397719425:launch-template/lt-01b95f9af44500232",
            "block_device_mappings": [],
            "capacity_reservation_specification": [],
            "cpu_options": [],
            "credit_specification": [],
            "default_version": 1,
            "description": "",
            "disable_api_stop": false,
            "disable_api_termination": false,
            "ebs_optimized": "",
            "elastic_gpu_specifications": [],
            "elastic_inference_accelerator": [],
            "enclave_options": [],
            "hibernation_options": [],
            "iam_instance_profile": [
              {
                "arn": "",
                "name": "aws_instance_profile_test"
              }
            ],
            "id": "lt-01b95f9af44500232",
            "image_id": "ami-0574da719dca65348",
            "instance_initiated_shutdown_behavior": "",
            "instance_market_options": [],
            "instance_requirements": [],
            "instance_type": "t2.micro",
            "kernel_id": "",
            "key_name": "Micolo",
            "latest_version": 1,
            "license_specification": [],
            "maintenance_options": [],
            "metadata_options": [],
            "monitoring": [],
            "name": "terraform-20221212031330233500000003",
            "name_prefix": "terraform-",
            "network_interfaces": [],
            "placement": [
              {
                "affinity": "",
                "availability_zone": "random_shuffle.az_list.result",
                "group_name": "",
                "host_id": "",
                "host_resource_group_arn": "",
                "partition_number": 0,
                "spread_domain": "",
                "tenancy": ""
              }
            ],
            "private_dns_name_options": [],
            "ram_disk_id": "",
            "security_group_names": null,
            "tag_specifications": [
              {
                "resource_type": "instance",
                "tags": {
                  "Name": "bastion-launch-template"
                }
              }
            ],
            "tags": null,
            "tags_all": {},
            "update_default_version": null,
            "user_data": "IyBiYXN0aW9uIHVzZXJkYXRlCiMhL2Jpbi9iYXNoLwp5dW0gaW5zdGFsbCAteSBteXNxbAp5dW0gaW5zdGFsbCAteSBnaXQgdG11eAp5dW0gaW5zdGFsbCAteSBhbnNpYmxl",
            "vpc_security_group_ids": [
              "sg-037301b7bdafb385e"
            ]
          },
          "sensitive_attributes": [],
          "private": "bnVsbA==",
          "dependencies": [
            "aws_iam_instance_profile.ip",
            "aws_iam_role.ec2_instance_role",
            "aws_security_group.bastion_sg",
            "aws_vpc.main"
          ],
          "create_before_destroy": true
        }
      ]
    },
    {
      "mode": "managed",
      "type": "aws_launch_template",
      "name": "nginx-launch-template",
      "provider": "provider[\"registry.terraform.io/hashicorp/aws\"]",
      "instances": [
        {
          "schema_version": 0,
          "attributes": {
            "arn": "arn:aws:ec2:us-east-1:945397719425:launch-template/lt-01009f215b1583fab",
            "block_device_mappings": [],
            "capacity_reservation_specification": [],
            "cpu_options": [],
            "credit_specification": [],
            "default_version": 1,
            "description": "",
            "disable_api_stop": false,
            "disable_api_termination": false,
            "ebs_optimized": "",
            "elastic_gpu_specifications": [],
            "elastic_inference_accelerator": [],
            "enclave_options": [],
            "hibernation_options": [],
            "iam_instance_profile": [
              {
                "arn": "",
                "name": "aws_instance_profile_test"
              }
            ],
            "id": "lt-01009f215b1583fab",
            "image_id": "ami-0574da719dca65348",
            "instance_initiated_shutdown_behavior": "",
            "instance_market_options": [],
            "instance_requirements": [],
            "instance_type": "t2.micro",
            "kernel_id": "",
            "key_name": "Micolo",
            "latest_version": 1,
            "license_specification": [],
            "maintenance_options": [],
            "metadata_options": [],
            "monitoring": [],
            "name": "terraform-20221212031333543800000009",
            "name_prefix": "terraform-",
            "network_interfaces": [],
            "placement": [
              {
                "affinity": "",
                "availability_zone": "random_shuffle.az_list.result",
                "group_name": "",
                "host_id": "",
                "host_resource_group_arn": "",
                "partition_number": 0,
                "spread_domain": "",
                "tenancy": ""
              }
            ],
            "private_dns_name_options": [],
            "ram_disk_id": "",
            "security_group_names": null,
            "tag_specifications": [
              {
                "resource_type": "instance",
                "tags": {
                  "Name": "nginx-launch-template"
                }
              }
            ],
            "tags": null,
            "tags_all": {},
            "update_default_version": null,
            "user_data": "IyEvYmluL2Jhc2gvCnl1bSBpbnN0YWxsIC15IG5naW54CnN5c3RlbWN0bCBzdGFydCBuZ2lueApzeXN0ZW1jdGwgZW5hYmxlIG5naW54CmdpdCBjbG9uZSBodHRwczovL2dpdGh1Yi5jb20vTGl2aW5nc3RvbmU5NS9BQ1MtcHJvamVjdC1jb25maWcuZ2l0Cm12IC9BQ1MtcHJvamVjdC1jb25maWcvcmV2ZXJzZS5jb25mIC9ldGMvbmdpbngvCm12IC9ldGMvbmdpbngvbmdpbnguY29uZiAvZXRjL25naW54L25naW54LmNvbmYtZGlzdHJvCmNkIC9ldGMvbmdpbngvCnRvdWNoIG5naW54LmNvbmYKc2VkIC1uICdXIG5naW54LmNvbmYnIHJldmVyc2UuY29uZgpzeXN0ZW1jdGwgcmVzdGFydCBuZ2lueApybSAtcmYgcmV2ZXJzZS5jb25mCnJtIC1yZiAvQUNTLXByb2plY3QtY29uZmln",
            "vpc_security_group_ids": [
              "sg-0722a6960d0d82314"
            ]
          },
          "sensitive_attributes": [],
          "private": "bnVsbA==",
          "dependencies": [
            "aws_iam_instance_profile.ip",
            "aws_iam_role.ec2_instance_role",
            "aws_security_group.nginx-sg",
            "aws_vpc.main"
          ],
          "create_before_destroy": true
        }
      ]
    },
    {
      "mode": "managed",
      "type": "aws_launch_template",
      "name": "tooling-launch-template",
      "provider": "provider[\"registry.terraform.io/hashicorp/aws\"]",
      "instances": [
        {
          "schema_version": 0,
          "attributes": {
            "arn": "arn:aws:ec2:us-east-1:945397719425:launch-template/lt-0dd75e1608b2977a6",
            "block_device_mappings": [],
            "capacity_reservation_specification": [],
            "cpu_options": [],
            "credit_specification": [],
            "default_version": 1,
            "description": "",
            "disable_api_stop": false,
            "disable_api_termination": false,
            "ebs_optimized": "",
            "elastic_gpu_specifications": [],
            "elastic_inference_accelerator": [],
            "enclave_options": [],
            "hibernation_options": [],
            "iam_instance_profile": [
              {
                "arn": "",
                "name": "aws_instance_profile_test"
              }
            ],
            "id": "lt-0dd75e1608b2977a6",
            "image_id": "ami-0574da719dca65348",
            "instance_initiated_shutdown_behavior": "",
            "instance_market_options": [],
            "instance_requirements": [],
            "instance_type": "t2.micro",
            "kernel_id": "",
            "key_name": "Micolo",
            "latest_version": 1,
            "license_specification": [],
            "maintenance_options": [],
            "metadata_options": [],
            "monitoring": [],
            "name": "terraform-20221212031330261500000005",
            "name_prefix": "terraform-",
            "network_interfaces": [],
            "placement": [
              {
                "affinity": "",
                "availability_zone": "random_shuffle.az_list.result",
                "group_name": "",
                "host_id": "",
                "host_resource_group_arn": "",
                "partition_number": 0,
                "spread_domain": "",
                "tenancy": ""
              }
            ],
            "private_dns_name_options": [],
            "ram_disk_id": "",
            "security_group_names": null,
            "tag_specifications": [
              {
                "resource_type": "instance",
                "tags": {
                  "Name": "tooling-launch-template"
                }
              }
            ],
            "tags": null,
            "tags_all": {},
            "update_default_version": null,
            "user_data": "IyEgL2Jpbi9iYXNoLwpta2RpciAvdmFyL3d3dy8Kc3VkbyBtb3VudCAtdCBlZnMgLW8gdGxzLGFjY2Vzc3BvaW50PWZzYXAtMDIzODE1M2E3Y2U3YjVjMDIgZnMtMDNmODViZjA2ZmUxMTgxMjE6LyAvdmFyL3d3dy8KeXVtIGluc3RhbGwgLXkgaHR0cGQKc3lzdGVtY3RsIHN0YXJ0IGh0dHBkCnN5c3RlbWN0bCBlbmFibGUgaHR0cGQKeXVtIG1vZHVsZSByZXNldCBwaHAgLXkKeXVtIG1vZHVsZSBlbmFibGUgcGhwOnJlbWktNy40IC15Cnl1bSBpbnN0YWxsIC15IHBocCBwaHAtY29tbW9uIHBocC1tYnN0cmluZyBwaHAtb3BjYWNoZSBwaHAtaW50bCBwaHAteG1sIHBocC1nZCBwaHAtY3VybCBwaHAtbXlzcWxuZCBwaHAtZnBtIHBocC1qc29uCnN5c3RlbWN0bCBzdGFydCBmcG0Kc3lzdGVtY3RsIGVuYWJsZSBmcG0KZ2l0IGNsb25lIDxodHRwczovL2dpdGh1Yi5jb20vTGl2aW5nc3RvbmU5NS90b29saW5nLTEuZ2l0Pgpta2RpciAvdmFyL3d3dy9odG1sLwpjcCAtUiAvdG9vbGluZy0xL2h0bWwvKiAvdmFyL3d3dy9odG1sLwpjZCAvdG9vbGluZy0xCm15c3FsIC1oIGFjcy1kYXRhYmFzZS5jZHFwYmprZXRodjAudXMtZWFzdC0xLnJkcy5hbWF6b25hd3MuY29tIC11IE1pY29sb0FkbWluIC1wIHRvb2xpbmdkYiA8IHRvb2xpbmctZGIuc3FsCmNkIC92YXIvd3d3L2h0bWwvCnRvdWNoIGhlYWx0aHN0YXR1cwpzZWQgLWkgInMvJGRiID0gbXlzcWxpX2Nvbm5lY3QoJ215c3FsLnRvb2xpbmcuc3ZjLmNsdXN0ZXIubG9jYWwnLCAnYWRtaW4nLCAnYWRtaW4nLCAndG9vbGluZycpOy8kZGIgPSBteXNxbGlfY29ubmVjdCgnbWljb2xvLWRhdGFiYXNlLmNjenRnY29naDlqYy51cy1lYXN0LTEucmRzLmFtYXpvbmF3cy5jb20nLCAnTWljb2xvQWRtaW4nLCAncGFzc1dvcmQuMScsICd0b29saW5nZGInKTsvZyIgZnVuY3Rpb25zLnBocApjaGNvbiAtdCBodHRwZF9zeXNfcndfY29udGVudF90IC92YXIvd3d3L2h0bWwvIC1SCnN5c3RlbWN0bCByZXN0YXJ0IGh0dHBk",
            "vpc_security_group_ids": [
              "sg-06e79b0f7179f4052"
            ]
          },
          "sensitive_attributes": [],
          "private": "bnVsbA==",
          "dependencies": [
            "aws_iam_instance_profile.ip",
            "aws_iam_role.ec2_instance_role",
            "aws_security_group.webserver-sg",
            "aws_vpc.main"
          ],
          "create_before_destroy": true
        }
      ]
    },
    {
      "mode": "managed",
      "type": "aws_launch_template",
      "name": "wordpress-launch-template",
      "provider": "provider[\"registry.terraform.io/hashicorp/aws\"]",
      "instances": [
        {
          "schema_version": 0,
          "attributes": {
            "arn": "arn:aws:ec2:us-east-1:945397719425:launch-template/lt-006ea16f582341fbf",
            "block_device_mappings": [],
            "capacity_reservation_specification": [],
            "cpu_options": [],
            "credit_specification": [],
            "default_version": 1,
            "description": "",
            "disable_api_stop": false,
            "disable_api_termination": false,
            "ebs_optimized": "",
            "elastic_gpu_specifications": [],
            "elastic_inference_accelerator": [],
            "enclave_options": [],
            "hibernation_options": [],
            "iam_instance_profile": [
              {
                "arn": "",
                "name": "aws_instance_profile_test"
              }
            ],
            "id": "lt-006ea16f582341fbf",
            "image_id": "ami-0574da719dca65348",
            "instance_initiated_shutdown_behavior": "",
            "instance_market_options": [],
            "instance_requirements": [],
            "instance_type": "t2.micro",
            "kernel_id": "",
            "key_name": "Micolo",
            "latest_version": 1,
            "license_specification": [],
            "maintenance_options": [],
            "metadata_options": [],
            "monitoring": [],
            "name": "terraform-20221212031331562700000007",
            "name_prefix": "terraform-",
            "network_interfaces": [],
            "placement": [
              {
                "affinity": "",
                "availability_zone": "random_shuffle.az_list.result",
                "group_name": "",
                "host_id": "",
                "host_resource_group_arn": "",
                "partition_number": 0,
                "spread_domain": "",
                "tenancy": ""
              }
            ],
            "private_dns_name_options": [],
            "ram_disk_id": "",
            "security_group_names": null,
            "tag_specifications": [
              {
                "resource_type": "instance",
                "tags": {
                  "Name": "wordpress-launch-template"
                }
              }
            ],
            "tags": null,
            "tags_all": {},
            "update_default_version": null,
            "user_data": "IyEvYmluL2Jhc2gvCm1rZGlyIC92YXIvd3d3LwpzdWRvIG1vdW50IC10IGVmcyAtbyB0bHMsYWNjZXNzcG9pbnQ9ZnNhcC0wYjg4MzBmZWMzZWQzZTg2MCBmcy0wM2Y4NWJmMDZmZTExODEyMTovIC92YXIvd3d3Lwp5dW0gaW5zdGFsbCAteSBodHRwZApzeXN0ZW1jdGwgc3RhcnQgaHR0cGQKc3lzdGVtY3RsIGVuYWJsZSBodHRwZAp5dW0gbW9kdWxlIHJlc2V0IHBocCAteQp5dW0gbW9kdWxlIGVuYWJsZSBwaHA6cmVtaS03LjQgLXkKeXVtIGluc3RhbGwgLXkgcGhwIHBocC1jb21tb24gcGhwLW1ic3RyaW5nIHBocC1vcGNhY2hlIHBocC1pbnRsIHBocC14bWwgcGhwLWdkIHBocC1jdXJsIHBocC1teXNxbG5kIHBocC1mcG0gcGhwLWpzb24Kc3lzdGVtY3RsIHN0YXJ0IGZwbQpzeXN0ZW1jdGwgZW5hYmxlIGZwbQp3Z2V0IDxodHRwOi8vd29yZHByZXNzLm9yZy9sYXRlc3QudGFyLmd6Pgp0YXIgeHp2ZiBsYXRlc3QudGFyLmd6CnJtIC1yZiBsYXRlc3QudGFyLmd6CmNwIHdvcmRwcmVzcy93cC1jb25maWctc2FtcGxlLnBocCB3b3JkcHJlc3Mvd3AtY29uZmlnLnBocApta2RpciAvdmFyL3d3dy9odG1sLwpjcCAtUiAvd29yZHByZXNzLyogL3Zhci93d3cvaHRtbC8KY2QgL3Zhci93d3cvaHRtbC8KdG91Y2ggaGVhbHRoc3RhdHVzCnNlZCAtaSAicy9sb2NhbGhvc3QvbWljb2xvLWRhdGFiYXNlLmNjenRnY29naDlqYy51cy1lYXN0LTEucmRzLmFtYXpvbmF3cy5jb20vZyIgd3AtY29uZmlnLnBocApzZWQgLWkgInMvdXNlcm5hbWVfaGVyZS9NaWNvbG9BZG1pbi9nIiB3cC1jb25maWcucGhwCnNlZCAtaSAicy9wYXNzd29yZF9oZXJlL3Bhc3NXb3JkLjEvZyIgd3AtY29uZmlnLnBocApzZWQgLWkgInMvZGF0YWJhc2VfbmFtZV9oZXJlL3dvcmRwcmVzc2RiL2ciIHdwLWNvbmZpZy5waHAKY2hjb24gLXQgaHR0cGRfc3lzX3J3X2NvbnRlbnRfdCAvdmFyL3d3dy9odG1sLyAtUgpzeXN0ZW1jdGwgcmVzdGFydCBodHRwZA==",
            "vpc_security_group_ids": [
              "sg-06e79b0f7179f4052"
            ]
          },
          "sensitive_attributes": [],
          "private": "bnVsbA==",
          "dependencies": [
            "aws_iam_instance_profile.ip",
            "aws_iam_role.ec2_instance_role",
            "aws_security_group.webserver-sg",
            "aws_vpc.main"
          ],
          "create_before_destroy": true
        }
      ]
    },
    {
      "mode": "managed",
      "type": "aws_lb",
      "name": "ext-alb",
      "provider": "provider[\"registry.terraform.io/hashicorp/aws\"]",
      "instances": [
        {
          "schema_version": 0,
          "attributes": {
            "access_logs": [
              {
                "bucket": "",
                "enabled": false,
                "prefix": ""
              }
            ],
            "arn": "arn:aws:elasticloadbalancing:us-east-1:945397719425:loadbalancer/app/ext-alb/40b97b70f864e521",
            "arn_suffix": "app/ext-alb/40b97b70f864e521",
            "customer_owned_ipv4_pool": "",
            "desync_mitigation_mode": "defensive",
            "dns_name": "ext-alb-1505611749.us-east-1.elb.amazonaws.com",
            "drop_invalid_header_fields": false,
            "enable_cross_zone_load_balancing": true,
            "enable_deletion_protection": false,
            "enable_http2": true,
            "enable_waf_fail_open": false,
            "id": "arn:aws:elasticloadbalancing:us-east-1:945397719425:loadbalancer/app/ext-alb/40b97b70f864e521",
            "idle_timeout": 60,
            "internal": false,
            "ip_address_type": "ipv4",
            "load_balancer_type": "application",
            "name": "ext-alb",
            "name_prefix": null,
            "preserve_host_header": false,
            "security_groups": [
              "sg-036855906d94154b4"
            ],
            "subnet_mapping": [
              {
                "allocation_id": "",
                "ipv6_address": "",
                "outpost_id": "",
                "private_ipv4_address": "",
                "subnet_id": "subnet-0b52952bfab926a5f"
              },
              {
                "allocation_id": "",
                "ipv6_address": "",
                "outpost_id": "",
                "private_ipv4_address": "",
                "subnet_id": "subnet-0e46e0e70860ccf48"
              }
            ],
            "subnets": [
              "subnet-0b52952bfab926a5f",
              "subnet-0e46e0e70860ccf48"
            ],
            "tags": {
              "Name": "nginx-alb"
            },
            "tags_all": {
              "Name": "nginx-alb"
            },
            "timeouts": null,
            "vpc_id": "vpc-0e98339b31d9a4452",
            "zone_id": "Z35SXDOTRQ7X7K"
          },
          "sensitive_attributes": [],
          "private": "eyJlMmJmYjczMC1lY2FhLTExZTYtOGY4OC0zNDM2M2JjN2M0YzAiOnsiY3JlYXRlIjo2MDAwMDAwMDAwMDAsImRlbGV0ZSI6NjAwMDAwMDAwMDAwLCJ1cGRhdGUiOjYwMDAwMDAwMDAwMH19",
          "dependencies": [
            "aws_security_group.ext-alb-sg",
            "aws_subnet.public",
            "aws_vpc.main",
            "data.aws_availability_zones.available"
          ]
        }
      ]
    },
    {
      "mode": "managed",
      "type": "aws_lb",
      "name": "ialb",
      "provider": "provider[\"registry.terraform.io/hashicorp/aws\"]",
      "instances": [
        {
          "schema_version": 0,
          "attributes": {
            "access_logs": [
              {
                "bucket": "",
                "enabled": false,
                "prefix": ""
              }
            ],
            "arn": "arn:aws:elasticloadbalancing:us-east-1:945397719425:loadbalancer/app/ialb/56c235cc65d25079",
            "arn_suffix": "app/ialb/56c235cc65d25079",
            "customer_owned_ipv4_pool": "",
            "desync_mitigation_mode": "defensive",
            "dns_name": "internal-ialb-1701898210.us-east-1.elb.amazonaws.com",
            "drop_invalid_header_fields": false,
            "enable_cross_zone_load_balancing": true,
            "enable_deletion_protection": false,
            "enable_http2": true,
            "enable_waf_fail_open": false,
            "id": "arn:aws:elasticloadbalancing:us-east-1:945397719425:loadbalancer/app/ialb/56c235cc65d25079",
            "idle_timeout": 60,
            "internal": true,
            "ip_address_type": "ipv4",
            "load_balancer_type": "application",
            "name": "ialb",
            "name_prefix": null,
            "preserve_host_header": false,
            "security_groups": [
              "sg-0d55d7cf450b99e92"
            ],
            "subnet_mapping": [
              {
                "allocation_id": "",
                "ipv6_address": "",
                "outpost_id": "",
                "private_ipv4_address": "",
                "subnet_id": "subnet-02840f9ac8ed51ead"
              },
              {
                "allocation_id": "",
                "ipv6_address": "",
                "outpost_id": "",
                "private_ipv4_address": "",
                "subnet_id": "subnet-0e64015dc36326069"
              }
            ],
            "subnets": [
              "subnet-02840f9ac8ed51ead",
              "subnet-0e64015dc36326069"
            ],
            "tags": {
              "Name": "ialb"
            },
            "tags_all": {
              "Name": "ialb"
            },
            "timeouts": null,
            "vpc_id": "vpc-0e98339b31d9a4452",
            "zone_id": "Z35SXDOTRQ7X7K"
          },
          "sensitive_attributes": [],
          "private": "eyJlMmJmYjczMC1lY2FhLTExZTYtOGY4OC0zNDM2M2JjN2M0YzAiOnsiY3JlYXRlIjo2MDAwMDAwMDAwMDAsImRlbGV0ZSI6NjAwMDAwMDAwMDAwLCJ1cGRhdGUiOjYwMDAwMDAwMDAwMH19",
          "dependencies": [
            "aws_security_group.int-alb-sg",
            "aws_subnet.private",
            "aws_vpc.main",
            "data.aws_availability_zones.available"
          ]
        }
      ]
    },
    {
      "mode": "managed",
      "type": "aws_lb_listener",
      "name": "nginx-listener",
      "provider": "provider[\"registry.terraform.io/hashicorp/aws\"]",
      "instances": [
        {
          "schema_version": 0,
          "attributes": {
            "alpn_policy": null,
            "arn": "arn:aws:elasticloadbalancing:us-east-1:945397719425:listener/app/ext-alb/40b97b70f864e521/0e5065b6da1d764e",
            "certificate_arn": "arn:aws:acm:us-east-1:945397719425:certificate/5928552e-e1f9-420f-b553-a1a3608c3af5",
            "default_action": [
              {
                "authenticate_cognito": [],
                "authenticate_oidc": [],
                "fixed_response": [],
                "forward": [],
                "order": 1,
                "redirect": [],
                "target_group_arn": "arn:aws:elasticloadbalancing:us-east-1:945397719425:targetgroup/nginx-tgt/265d4f88ee40a48a",
                "type": "forward"
              }
            ],
            "id": "arn:aws:elasticloadbalancing:us-east-1:945397719425:listener/app/ext-alb/40b97b70f864e521/0e5065b6da1d764e",
            "load_balancer_arn": "arn:aws:elasticloadbalancing:us-east-1:945397719425:loadbalancer/app/ext-alb/40b97b70f864e521",
            "port": 443,
            "protocol": "HTTPS",
            "ssl_policy": "ELBSecurityPolicy-2016-08",
            "tags": null,
            "tags_all": {},
            "timeouts": null
          },
          "sensitive_attributes": [],
          "private": "eyJlMmJmYjczMC1lY2FhLTExZTYtOGY4OC0zNDM2M2JjN2M0YzAiOnsicmVhZCI6NjAwMDAwMDAwMDAwfX0=",
          "dependencies": [
            "aws_acm_certificate.zireuz",
            "aws_acm_certificate_validation.zireuz",
            "aws_lb.ext-alb",
            "aws_lb_target_group.nginx-tgt",
            "aws_route53_record.zireuz",
            "aws_security_group.ext-alb-sg",
            "aws_subnet.public",
            "aws_vpc.main",
            "data.aws_availability_zones.available",
            "data.aws_route53_zone.zireuz"
          ]
        }
      ]
    },
    {
      "mode": "managed",
      "type": "aws_lb_listener",
      "name": "web-listener",
      "provider": "provider[\"registry.terraform.io/hashicorp/aws\"]",
      "instances": [
        {
          "schema_version": 0,
          "attributes": {
            "alpn_policy": null,
            "arn": "arn:aws:elasticloadbalancing:us-east-1:945397719425:listener/app/ialb/56c235cc65d25079/a8e2d36c5ca5e99e",
            "certificate_arn": "arn:aws:acm:us-east-1:945397719425:certificate/5928552e-e1f9-420f-b553-a1a3608c3af5",
            "default_action": [
              {
                "authenticate_cognito": [],
                "authenticate_oidc": [],
                "fixed_response": [],
                "forward": [],
                "order": 1,
                "redirect": [],
                "target_group_arn": "arn:aws:elasticloadbalancing:us-east-1:945397719425:targetgroup/wordpress-tgt/f555ac3e97c0c2e0",
                "type": "forward"
              }
            ],
            "id": "arn:aws:elasticloadbalancing:us-east-1:945397719425:listener/app/ialb/56c235cc65d25079/a8e2d36c5ca5e99e",
            "load_balancer_arn": "arn:aws:elasticloadbalancing:us-east-1:945397719425:loadbalancer/app/ialb/56c235cc65d25079",
            "port": 443,
            "protocol": "HTTPS",
            "ssl_policy": "ELBSecurityPolicy-2016-08",
            "tags": null,
            "tags_all": {},
            "timeouts": null
          },
          "sensitive_attributes": [],
          "private": "eyJlMmJmYjczMC1lY2FhLTExZTYtOGY4OC0zNDM2M2JjN2M0YzAiOnsicmVhZCI6NjAwMDAwMDAwMDAwfX0=",
          "dependencies": [
            "aws_acm_certificate.zireuz",
            "aws_acm_certificate_validation.zireuz",
            "aws_lb.ialb",
            "aws_lb_target_group.wordpress-tgt",
            "aws_route53_record.zireuz",
            "aws_security_group.int-alb-sg",
            "aws_subnet.private",
            "aws_vpc.main",
            "data.aws_availability_zones.available",
            "data.aws_route53_zone.zireuz"
          ]
        }
      ]
    },
    {
      "mode": "managed",
      "type": "aws_lb_listener_rule",
      "name": "tooling-listener",
      "provider": "provider[\"registry.terraform.io/hashicorp/aws\"]",
      "instances": [
        {
          "schema_version": 0,
          "attributes": {
            "action": [
              {
                "authenticate_cognito": [],
                "authenticate_oidc": [],
                "fixed_response": [],
                "forward": [],
                "order": 1,
                "redirect": [],
                "target_group_arn": "arn:aws:elasticloadbalancing:us-east-1:945397719425:targetgroup/tooling-tgt/2ede35cbada010be",
                "type": "forward"
              }
            ],
            "arn": "arn:aws:elasticloadbalancing:us-east-1:945397719425:listener-rule/app/ialb/56c235cc65d25079/a8e2d36c5ca5e99e/a0036b909bccb381",
            "condition": [
              {
                "host_header": [
                  {
                    "values": [
                      "tooling.zireuz.ga"
                    ]
                  }
                ],
                "http_header": [],
                "http_request_method": [],
                "path_pattern": [],
                "query_string": [],
                "source_ip": []
              }
            ],
            "id": "arn:aws:elasticloadbalancing:us-east-1:945397719425:listener-rule/app/ialb/56c235cc65d25079/a8e2d36c5ca5e99e/a0036b909bccb381",
            "listener_arn": "arn:aws:elasticloadbalancing:us-east-1:945397719425:listener/app/ialb/56c235cc65d25079/a8e2d36c5ca5e99e",
            "priority": 99,
            "tags": null,
            "tags_all": {}
          },
          "sensitive_attributes": [],
          "private": "bnVsbA==",
          "dependencies": [
            "aws_acm_certificate.zireuz",
            "aws_acm_certificate_validation.zireuz",
            "aws_lb.ialb",
            "aws_lb_listener.web-listener",
            "aws_lb_target_group.tooling-tgt",
            "aws_lb_target_group.wordpress-tgt",
            "aws_route53_record.zireuz",
            "aws_security_group.int-alb-sg",
            "aws_subnet.private",
            "aws_vpc.main",
            "data.aws_availability_zones.available",
            "data.aws_route53_zone.zireuz"
          ]
        }
      ]
    },
    {
      "mode": "managed",
      "type": "aws_lb_target_group",
      "name": "nginx-tgt",
      "provider": "provider[\"registry.terraform.io/hashicorp/aws\"]",
      "instances": [
        {
          "schema_version": 0,
          "attributes": {
            "arn": "arn:aws:elasticloadbalancing:us-east-1:945397719425:targetgroup/nginx-tgt/265d4f88ee40a48a",
            "arn_suffix": "targetgroup/nginx-tgt/265d4f88ee40a48a",
            "connection_termination": false,
            "deregistration_delay": "300",
            "health_check": [
              {
                "enabled": true,
                "healthy_threshold": 5,
                "interval": 10,
                "matcher": "200",
                "path": "/healthstatus",
                "port": "traffic-port",
                "protocol": "HTTPS",
                "timeout": 5,
                "unhealthy_threshold": 2
              }
            ],
            "id": "arn:aws:elasticloadbalancing:us-east-1:945397719425:targetgroup/nginx-tgt/265d4f88ee40a48a",
            "ip_address_type": "ipv4",
            "lambda_multi_value_headers_enabled": false,
            "load_balancing_algorithm_type": "round_robin",
            "name": "nginx-tgt",
            "name_prefix": null,
            "port": 443,
            "preserve_client_ip": null,
            "protocol": "HTTPS",
            "protocol_version": "HTTP1",
            "proxy_protocol_v2": false,
            "slow_start": 0,
            "stickiness": [
              {
                "cookie_duration": 86400,
                "cookie_name": "",
                "enabled": false,
                "type": "lb_cookie"
              }
            ],
            "tags": null,
            "tags_all": {},
            "target_failover": [
              {
                "on_deregistration": null,
                "on_unhealthy": null
              }
            ],
            "target_type": "instance",
            "vpc_id": "vpc-0e98339b31d9a4452"
          },
          "sensitive_attributes": [],
          "private": "bnVsbA==",
          "dependencies": [
            "aws_vpc.main"
          ]
        }
      ]
    },
    {
      "mode": "managed",
      "type": "aws_lb_target_group",
      "name": "tooling-tgt",
      "provider": "provider[\"registry.terraform.io/hashicorp/aws\"]",
      "instances": [
        {
          "schema_version": 0,
          "attributes": {
            "arn": "arn:aws:elasticloadbalancing:us-east-1:945397719425:targetgroup/tooling-tgt/2ede35cbada010be",
            "arn_suffix": "targetgroup/tooling-tgt/2ede35cbada010be",
            "connection_termination": false,
            "deregistration_delay": "300",
            "health_check": [
              {
                "enabled": true,
                "healthy_threshold": 5,
                "interval": 10,
                "matcher": "200",
                "path": "/healthstatus",
                "port": "traffic-port",
                "protocol": "HTTPS",
                "timeout": 5,
                "unhealthy_threshold": 2
              }
            ],
            "id": "arn:aws:elasticloadbalancing:us-east-1:945397719425:targetgroup/tooling-tgt/2ede35cbada010be",
            "ip_address_type": "ipv4",
            "lambda_multi_value_headers_enabled": false,
            "load_balancing_algorithm_type": "round_robin",
            "name": "tooling-tgt",
            "name_prefix": null,
            "port": 443,
            "preserve_client_ip": null,
            "protocol": "HTTPS",
            "protocol_version": "HTTP1",
            "proxy_protocol_v2": false,
            "slow_start": 0,
            "stickiness": [
              {
                "cookie_duration": 86400,
                "cookie_name": "",
                "enabled": false,
                "type": "lb_cookie"
              }
            ],
            "tags": null,
            "tags_all": {},
            "target_failover": [
              {
                "on_deregistration": null,
                "on_unhealthy": null
              }
            ],
            "target_type": "instance",
            "vpc_id": "vpc-0e98339b31d9a4452"
          },
          "sensitive_attributes": [],
          "private": "bnVsbA==",
          "dependencies": [
            "aws_vpc.main"
          ]
        }
      ]
    },
    {
      "mode": "managed",
      "type": "aws_lb_target_group",
      "name": "wordpress-tgt",
      "provider": "provider[\"registry.terraform.io/hashicorp/aws\"]",
      "instances": [
        {
          "schema_version": 0,
          "attributes": {
            "arn": "arn:aws:elasticloadbalancing:us-east-1:945397719425:targetgroup/wordpress-tgt/f555ac3e97c0c2e0",
            "arn_suffix": "targetgroup/wordpress-tgt/f555ac3e97c0c2e0",
            "connection_termination": false,
            "deregistration_delay": "300",
            "health_check": [
              {
                "enabled": true,
                "healthy_threshold": 5,
                "interval": 10,
                "matcher": "200",
                "path": "/healthstatus",
                "port": "traffic-port",
                "protocol": "HTTPS",
                "timeout": 5,
                "unhealthy_threshold": 2
              }
            ],
            "id": "arn:aws:elasticloadbalancing:us-east-1:945397719425:targetgroup/wordpress-tgt/f555ac3e97c0c2e0",
            "ip_address_type": "ipv4",
            "lambda_multi_value_headers_enabled": false,
            "load_balancing_algorithm_type": "round_robin",
            "name": "wordpress-tgt",
            "name_prefix": null,
            "port": 443,
            "preserve_client_ip": null,
            "protocol": "HTTPS",
            "protocol_version": "HTTP1",
            "proxy_protocol_v2": false,
            "slow_start": 0,
            "stickiness": [
              {
                "cookie_duration": 86400,
                "cookie_name": "",
                "enabled": false,
                "type": "lb_cookie"
              }
            ],
            "tags": null,
            "tags_all": {},
            "target_failover": [
              {
                "on_deregistration": null,
                "on_unhealthy": null
              }
            ],
            "target_type": "instance",
            "vpc_id": "vpc-0e98339b31d9a4452"
          },
          "sensitive_attributes": [],
          "private": "bnVsbA==",
          "dependencies": [
            "aws_vpc.main"
          ]
        }
      ]
    },
    {
      "mode": "managed",
      "type": "aws_nat_gateway",
      "name": "nat",
      "provider": "provider[\"registry.terraform.io/hashicorp/aws\"]",
      "instances": [
        {
          "schema_version": 0,
          "attributes": {
            "allocation_id": "eipalloc-0bbfb9e620060b984",
            "connectivity_type": "public",
            "id": "nat-0112a9b6b9704675b",
            "network_interface_id": "eni-0555d1e4acf6ef4c7",
            "private_ip": "172.16.0.44",
            "public_ip": "34.192.77.222",
            "subnet_id": "subnet-0e46e0e70860ccf48",
            "tags": {
              "Billing-Account": "1234567890",
              "Managed-by": "Terraform",
              "Name": "ACS-NAT-dev",
              "Owner-Email": "micaho2000@gmail.com"
            },
            "tags_all": {
              "Billing-Account": "1234567890",
              "Managed-by": "Terraform",
              "Name": "ACS-NAT-dev",
              "Owner-Email": "micaho2000@gmail.com"
            }
          },
          "sensitive_attributes": [],
          "private": "bnVsbA==",
          "dependencies": [
            "aws_eip.nat_eip",
            "aws_internet_gateway.ig",
            "aws_subnet.public",
            "aws_vpc.main",
            "data.aws_availability_zones.available"
          ]
        }
      ]
    },
    {
      "mode": "managed",
      "type": "aws_route",
      "name": "Private-rtb-route",
      "provider": "provider[\"registry.terraform.io/hashicorp/aws\"]",
      "instances": [
        {
          "schema_version": 0,
          "attributes": {
            "carrier_gateway_id": "",
            "core_network_arn": "",
            "destination_cidr_block": "0.0.0.0/0",
            "destination_ipv6_cidr_block": "",
            "destination_prefix_list_id": "",
            "egress_only_gateway_id": "",
            "gateway_id": "",
            "id": "r-rtb-0f4b91790b25dea011080289494",
            "instance_id": "",
            "instance_owner_id": "",
            "local_gateway_id": "",
            "nat_gateway_id": "nat-0112a9b6b9704675b",
            "network_interface_id": "",
            "origin": "CreateRoute",
            "route_table_id": "rtb-0f4b91790b25dea01",
            "state": "active",
            "timeouts": null,
            "transit_gateway_id": "",
            "vpc_endpoint_id": "",
            "vpc_peering_connection_id": ""
          },
          "sensitive_attributes": [],
          "private": "eyJlMmJmYjczMC1lY2FhLTExZTYtOGY4OC0zNDM2M2JjN2M0YzAiOnsiY3JlYXRlIjozMDAwMDAwMDAwMDAsImRlbGV0ZSI6MzAwMDAwMDAwMDAwLCJ1cGRhdGUiOjEyMDAwMDAwMDAwMH19",
          "dependencies": [
            "aws_eip.nat_eip",
            "aws_internet_gateway.ig",
            "aws_nat_gateway.nat",
            "aws_route_table.private-rtb",
            "aws_subnet.public",
            "aws_vpc.main",
            "data.aws_availability_zones.available"
          ]
        }
      ]
    },
    {
      "mode": "managed",
      "type": "aws_route",
      "name": "public-rtb-route",
      "provider": "provider[\"registry.terraform.io/hashicorp/aws\"]",
      "instances": [
        {
          "schema_version": 0,
          "attributes": {
            "carrier_gateway_id": "",
            "core_network_arn": "",
            "destination_cidr_block": "0.0.0.0/0",
            "destination_ipv6_cidr_block": "",
            "destination_prefix_list_id": "",
            "egress_only_gateway_id": "",
            "gateway_id": "igw-0f177342be119aab2",
            "id": "r-rtb-0b8d36d0e88df970b1080289494",
            "instance_id": "",
            "instance_owner_id": "",
            "local_gateway_id": "",
            "nat_gateway_id": "",
            "network_interface_id": "",
            "origin": "CreateRoute",
            "route_table_id": "rtb-0b8d36d0e88df970b",
            "state": "active",
            "timeouts": null,
            "transit_gateway_id": "",
            "vpc_endpoint_id": "",
            "vpc_peering_connection_id": ""
          },
          "sensitive_attributes": [],
          "private": "eyJlMmJmYjczMC1lY2FhLTExZTYtOGY4OC0zNDM2M2JjN2M0YzAiOnsiY3JlYXRlIjozMDAwMDAwMDAwMDAsImRlbGV0ZSI6MzAwMDAwMDAwMDAwLCJ1cGRhdGUiOjEyMDAwMDAwMDAwMH19",
          "dependencies": [
            "aws_internet_gateway.ig",
            "aws_route_table.public-rtb",
            "aws_vpc.main"
          ]
        }
      ]
    },
    {
      "mode": "managed",
      "type": "aws_route53_record",
      "name": "tooling",
      "provider": "provider[\"registry.terraform.io/hashicorp/aws\"]",
      "instances": [
        {
          "schema_version": 2,
          "attributes": {
            "alias": [
              {
                "evaluate_target_health": true,
                "name": "ext-alb-1505611749.us-east-1.elb.amazonaws.com",
                "zone_id": "Z35SXDOTRQ7X7K"
              }
            ],
            "allow_overwrite": null,
            "failover_routing_policy": [],
            "fqdn": "tooling.zireuz.ga",
            "geolocation_routing_policy": [],
            "health_check_id": null,
            "id": "Z0515860E76HSNIHAFUM_tooling.zireuz.ga_A",
            "latency_routing_policy": [],
            "multivalue_answer_routing_policy": null,
            "name": "tooling.zireuz.ga",
            "records": null,
            "set_identifier": null,
            "ttl": null,
            "type": "A",
            "weighted_routing_policy": [],
            "zone_id": "Z0515860E76HSNIHAFUM"
          },
          "sensitive_attributes": [],
          "private": "eyJzY2hlbWFfdmVyc2lvbiI6IjIifQ==",
          "dependencies": [
            "aws_lb.ext-alb",
            "aws_security_group.ext-alb-sg",
            "aws_subnet.public",
            "aws_vpc.main",
            "data.aws_availability_zones.available",
            "data.aws_route53_zone.zireuz"
          ]
        }
      ]
    },
    {
      "mode": "managed",
      "type": "aws_route53_record",
      "name": "wordpress",
      "provider": "provider[\"registry.terraform.io/hashicorp/aws\"]",
      "instances": [
        {
          "schema_version": 2,
          "attributes": {
            "alias": [
              {
                "evaluate_target_health": true,
                "name": "ext-alb-1505611749.us-east-1.elb.amazonaws.com",
                "zone_id": "Z35SXDOTRQ7X7K"
              }
            ],
            "allow_overwrite": null,
            "failover_routing_policy": [],
            "fqdn": "wordpress.zireuz.ga",
            "geolocation_routing_policy": [],
            "health_check_id": null,
            "id": "Z0515860E76HSNIHAFUM_wordpress.zireuz.ga_A",
            "latency_routing_policy": [],
            "multivalue_answer_routing_policy": null,
            "name": "wordpress.zireuz.ga",
            "records": null,
            "set_identifier": null,
            "ttl": null,
            "type": "A",
            "weighted_routing_policy": [],
            "zone_id": "Z0515860E76HSNIHAFUM"
          },
          "sensitive_attributes": [],
          "private": "eyJzY2hlbWFfdmVyc2lvbiI6IjIifQ==",
          "dependencies": [
            "aws_lb.ext-alb",
            "aws_security_group.ext-alb-sg",
            "aws_subnet.public",
            "aws_vpc.main",
            "data.aws_availability_zones.available",
            "data.aws_route53_zone.zireuz"
          ]
        }
      ]
    },
    {
      "mode": "managed",
      "type": "aws_route53_record",
      "name": "zireuz",
      "provider": "provider[\"registry.terraform.io/hashicorp/aws\"]",
      "instances": [
        {
          "index_key": "*.zireuz.ga",
          "schema_version": 2,
          "attributes": {
            "alias": [],
            "allow_overwrite": true,
            "failover_routing_policy": [],
            "fqdn": "_f43694477057ee4665280486bff35225.zireuz.ga",
            "geolocation_routing_policy": [],
            "health_check_id": null,
            "id": "Z0515860E76HSNIHAFUM__f43694477057ee4665280486bff35225.zireuz.ga._CNAME",
            "latency_routing_policy": [],
            "multivalue_answer_routing_policy": null,
            "name": "_f43694477057ee4665280486bff35225.zireuz.ga",
            "records": [
              "_37030ba14b289558ff851edbc500abe3.mwfgkbkczp.acm-validations.aws."
            ],
            "set_identifier": null,
            "ttl": 60,
            "type": "CNAME",
            "weighted_routing_policy": [],
            "zone_id": "Z0515860E76HSNIHAFUM"
          },
          "sensitive_attributes": [],
          "private": "eyJzY2hlbWFfdmVyc2lvbiI6IjIifQ==",
          "dependencies": [
            "aws_acm_certificate.zireuz",
            "data.aws_route53_zone.zireuz"
          ]
        }
      ]
    },
    {
      "mode": "managed",
      "type": "aws_route_table",
      "name": "private-rtb",
      "provider": "provider[\"registry.terraform.io/hashicorp/aws\"]",
      "instances": [
        {
          "schema_version": 0,
          "attributes": {
            "arn": "arn:aws:ec2:us-east-1:945397719425:route-table/rtb-0f4b91790b25dea01",
            "id": "rtb-0f4b91790b25dea01",
            "owner_id": "945397719425",
            "propagating_vgws": [],
            "route": [],
            "tags": {
              "Billing-Account": "1234567890",
              "Managed-by": "Terraform",
              "Name": "ACS-Private-Route-Table-dev",
              "Owner-Email": "micaho2000@gmail.com"
            },
            "tags_all": {
              "Billing-Account": "1234567890",
              "Managed-by": "Terraform",
              "Name": "ACS-Private-Route-Table-dev",
              "Owner-Email": "micaho2000@gmail.com"
            },
            "timeouts": null,
            "vpc_id": "vpc-0e98339b31d9a4452"
          },
          "sensitive_attributes": [],
          "private": "eyJlMmJmYjczMC1lY2FhLTExZTYtOGY4OC0zNDM2M2JjN2M0YzAiOnsiY3JlYXRlIjozMDAwMDAwMDAwMDAsImRlbGV0ZSI6MzAwMDAwMDAwMDAwLCJ1cGRhdGUiOjEyMDAwMDAwMDAwMH19",
          "dependencies": [
            "aws_vpc.main"
          ]
        }
      ]
    },
    {
      "mode": "managed",
      "type": "aws_route_table",
      "name": "public-rtb",
      "provider": "provider[\"registry.terraform.io/hashicorp/aws\"]",
      "instances": [
        {
          "schema_version": 0,
          "attributes": {
            "arn": "arn:aws:ec2:us-east-1:945397719425:route-table/rtb-0b8d36d0e88df970b",
            "id": "rtb-0b8d36d0e88df970b",
            "owner_id": "945397719425",
            "propagating_vgws": [],
            "route": [],
            "tags": {
              "Billing-Account": "1234567890",
              "Managed-by": "Terraform",
              "Name": "ACS-Public-Route-Table-dev",
              "Owner-Email": "micaho2000@gmail.com"
            },
            "tags_all": {
              "Billing-Account": "1234567890",
              "Managed-by": "Terraform",
              "Name": "ACS-Public-Route-Table-dev",
              "Owner-Email": "micaho2000@gmail.com"
            },
            "timeouts": null,
            "vpc_id": "vpc-0e98339b31d9a4452"
          },
          "sensitive_attributes": [],
          "private": "eyJlMmJmYjczMC1lY2FhLTExZTYtOGY4OC0zNDM2M2JjN2M0YzAiOnsiY3JlYXRlIjozMDAwMDAwMDAwMDAsImRlbGV0ZSI6MzAwMDAwMDAwMDAwLCJ1cGRhdGUiOjEyMDAwMDAwMDAwMH19",
          "dependencies": [
            "aws_vpc.main"
          ]
        }
      ]
    },
    {
      "mode": "managed",
      "type": "aws_route_table_association",
      "name": "private-subnets-assoc",
      "provider": "provider[\"registry.terraform.io/hashicorp/aws\"]",
      "instances": [
        {
          "index_key": 0,
          "schema_version": 0,
          "attributes": {
            "gateway_id": "",
            "id": "rtbassoc-01ead403062cd8eea",
            "route_table_id": "rtb-0f4b91790b25dea01",
            "subnet_id": "subnet-0e64015dc36326069"
          },
          "sensitive_attributes": [],
          "private": "bnVsbA==",
          "dependencies": [
            "aws_route_table.private-rtb",
            "aws_subnet.private",
            "aws_vpc.main",
            "data.aws_availability_zones.available"
          ]
        },
        {
          "index_key": 1,
          "schema_version": 0,
          "attributes": {
            "gateway_id": "",
            "id": "rtbassoc-0db7894424ee39552",
            "route_table_id": "rtb-0f4b91790b25dea01",
            "subnet_id": "subnet-02840f9ac8ed51ead"
          },
          "sensitive_attributes": [],
          "private": "bnVsbA==",
          "dependencies": [
            "aws_route_table.private-rtb",
            "aws_subnet.private",
            "aws_vpc.main",
            "data.aws_availability_zones.available"
          ]
        },
        {
          "index_key": 2,
          "schema_version": 0,
          "attributes": {
            "gateway_id": "",
            "id": "rtbassoc-0e704c5068ad04043",
            "route_table_id": "rtb-0f4b91790b25dea01",
            "subnet_id": "subnet-0b24bd5a63f408746"
          },
          "sensitive_attributes": [],
          "private": "bnVsbA==",
          "dependencies": [
            "aws_route_table.private-rtb",
            "aws_subnet.private",
            "aws_vpc.main",
            "data.aws_availability_zones.available"
          ]
        },
        {
          "index_key": 3,
          "schema_version": 0,
          "attributes": {
            "gateway_id": "",
            "id": "rtbassoc-0a97ea07ad2497561",
            "route_table_id": "rtb-0f4b91790b25dea01",
            "subnet_id": "subnet-05ad73cc2d6768a5c"
          },
          "sensitive_attributes": [],
          "private": "bnVsbA==",
          "dependencies": [
            "aws_route_table.private-rtb",
            "aws_subnet.private",
            "aws_vpc.main",
            "data.aws_availability_zones.available"
          ]
        }
      ]
    },
    {
      "mode": "managed",
      "type": "aws_route_table_association",
      "name": "public-subnets-assoc",
      "provider": "provider[\"registry.terraform.io/hashicorp/aws\"]",
      "instances": [
        {
          "index_key": 0,
          "schema_version": 0,
          "attributes": {
            "gateway_id": "",
            "id": "rtbassoc-0b0133cafc4f2e1c8",
            "route_table_id": "rtb-0b8d36d0e88df970b",
            "subnet_id": "subnet-0e46e0e70860ccf48"
          },
          "sensitive_attributes": [],
          "private": "bnVsbA==",
          "dependencies": [
            "aws_route_table.public-rtb",
            "aws_subnet.public",
            "aws_vpc.main",
            "data.aws_availability_zones.available"
          ]
        },
        {
          "index_key": 1,
          "schema_version": 0,
          "attributes": {
            "gateway_id": "",
            "id": "rtbassoc-0e7d68187feabe5b8",
            "route_table_id": "rtb-0b8d36d0e88df970b",
            "subnet_id": "subnet-0b52952bfab926a5f"
          },
          "sensitive_attributes": [],
          "private": "bnVsbA==",
          "dependencies": [
            "aws_route_table.public-rtb",
            "aws_subnet.public",
            "aws_vpc.main",
            "data.aws_availability_zones.available"
          ]
        }
      ]
    },
    {
      "mode": "managed",
      "type": "aws_security_group",
      "name": "bastion_sg",
      "provider": "provider[\"registry.terraform.io/hashicorp/aws\"]",
      "instances": [
        {
          "schema_version": 1,
          "attributes": {
            "arn": "arn:aws:ec2:us-east-1:945397719425:security-group/sg-037301b7bdafb385e",
            "description": "Allow incoming HTTP connections",
            "egress": [
              {
                "cidr_blocks": [
                  "0.0.0.0/0"
                ],
                "description": "",
                "from_port": 0,
                "ipv6_cidr_blocks": [],
                "prefix_list_ids": [],
                "protocol": "-1",
                "security_groups": [],
                "self": false,
                "to_port": 0
              }
            ],
            "id": "sg-037301b7bdafb385e",
            "ingress": [
              {
                "cidr_blocks": [
                  "0.0.0.0/0"
                ],
                "description": "SSH",
                "from_port": 22,
                "ipv6_cidr_blocks": [],
                "prefix_list_ids": [],
                "protocol": "tcp",
                "security_groups": [],
                "self": false,
                "to_port": 22
              }
            ],
            "name": "bastion_sg",
            "name_prefix": "",
            "owner_id": "945397719425",
            "revoke_rules_on_delete": false,
            "tags": {
              "Environment": "dev",
              "Name": "bastion-sg"
            },
            "tags_all": {
              "Environment": "dev",
              "Name": "bastion-sg"
            },
            "timeouts": null,
            "vpc_id": "vpc-0e98339b31d9a4452"
          },
          "sensitive_attributes": [],
          "private": "eyJlMmJmYjczMC1lY2FhLTExZTYtOGY4OC0zNDM2M2JjN2M0YzAiOnsiY3JlYXRlIjo2MDAwMDAwMDAwMDAsImRlbGV0ZSI6OTAwMDAwMDAwMDAwfSwic2NoZW1hX3ZlcnNpb24iOiIxIn0=",
          "dependencies": [
            "aws_vpc.main"
          ],
          "create_before_destroy": true
        }
      ]
    },
    {
      "mode": "managed",
      "type": "aws_security_group",
      "name": "datalayer-sg",
      "provider": "provider[\"registry.terraform.io/hashicorp/aws\"]",
      "instances": [
        {
          "schema_version": 1,
          "attributes": {
            "arn": "arn:aws:ec2:us-east-1:945397719425:security-group/sg-0f557f974695d25b9",
            "description": "Managed by Terraform",
            "egress": [
              {
                "cidr_blocks": [
                  "0.0.0.0/0"
                ],
                "description": "",
                "from_port": 0,
                "ipv6_cidr_blocks": [],
                "prefix_list_ids": [],
                "protocol": "-1",
                "security_groups": [],
                "self": false,
                "to_port": 0
              }
            ],
            "id": "sg-0f557f974695d25b9",
            "ingress": [],
            "name": "datalayer-sg",
            "name_prefix": "",
            "owner_id": "945397719425",
            "revoke_rules_on_delete": false,
            "tags": {
              "Name": "datalayer-sg"
            },
            "tags_all": {
              "Name": "datalayer-sg"
            },
            "timeouts": null,
            "vpc_id": "vpc-0e98339b31d9a4452"
          },
          "sensitive_attributes": [],
          "private": "eyJlMmJmYjczMC1lY2FhLTExZTYtOGY4OC0zNDM2M2JjN2M0YzAiOnsiY3JlYXRlIjo2MDAwMDAwMDAwMDAsImRlbGV0ZSI6OTAwMDAwMDAwMDAwfSwic2NoZW1hX3ZlcnNpb24iOiIxIn0=",
          "dependencies": [
            "aws_vpc.main"
          ]
        }
      ]
    },
    {
      "mode": "managed",
      "type": "aws_security_group",
      "name": "ext-alb-sg",
      "provider": "provider[\"registry.terraform.io/hashicorp/aws\"]",
      "instances": [
        {
          "schema_version": 1,
          "attributes": {
            "arn": "arn:aws:ec2:us-east-1:945397719425:security-group/sg-036855906d94154b4",
            "description": "Allow TLS inbound traffic",
            "egress": [
              {
                "cidr_blocks": [
                  "0.0.0.0/0"
                ],
                "description": "",
                "from_port": 0,
                "ipv6_cidr_blocks": [],
                "prefix_list_ids": [],
                "protocol": "-1",
                "security_groups": [],
                "self": false,
                "to_port": 0
              }
            ],
            "id": "sg-036855906d94154b4",
            "ingress": [
              {
                "cidr_blocks": [
                  "0.0.0.0/0"
                ],
                "description": "HTTP",
                "from_port": 80,
                "ipv6_cidr_blocks": [],
                "prefix_list_ids": [],
                "protocol": "tcp",
                "security_groups": [],
                "self": false,
                "to_port": 80
              },
              {
                "cidr_blocks": [
                  "0.0.0.0/0"
                ],
                "description": "HTTPS",
                "from_port": 443,
                "ipv6_cidr_blocks": [],
                "prefix_list_ids": [],
                "protocol": "tcp",
                "security_groups": [],
                "self": false,
                "to_port": 443
              }
            ],
            "name": "ext-alb-sg",
            "name_prefix": "",
            "owner_id": "945397719425",
            "revoke_rules_on_delete": false,
            "tags": {
              "Name": "ext-alb-sg"
            },
            "tags_all": {
              "Name": "ext-alb-sg"
            },
            "timeouts": null,
            "vpc_id": "vpc-0e98339b31d9a4452"
          },
          "sensitive_attributes": [],
          "private": "eyJlMmJmYjczMC1lY2FhLTExZTYtOGY4OC0zNDM2M2JjN2M0YzAiOnsiY3JlYXRlIjo2MDAwMDAwMDAwMDAsImRlbGV0ZSI6OTAwMDAwMDAwMDAwfSwic2NoZW1hX3ZlcnNpb24iOiIxIn0=",
          "dependencies": [
            "aws_vpc.main"
          ]
        }
      ]
    },
    {
      "mode": "managed",
      "type": "aws_security_group",
      "name": "int-alb-sg",
      "provider": "provider[\"registry.terraform.io/hashicorp/aws\"]",
      "instances": [
        {
          "schema_version": 1,
          "attributes": {
            "arn": "arn:aws:ec2:us-east-1:945397719425:security-group/sg-0d55d7cf450b99e92",
            "description": "Managed by Terraform",
            "egress": [
              {
                "cidr_blocks": [
                  "0.0.0.0/0"
                ],
                "description": "",
                "from_port": 0,
                "ipv6_cidr_blocks": [],
                "prefix_list_ids": [],
                "protocol": "-1",
                "security_groups": [],
                "self": false,
                "to_port": 0
              }
            ],
            "id": "sg-0d55d7cf450b99e92",
            "ingress": [],
            "name": "my-alb-sg",
            "name_prefix": "",
            "owner_id": "945397719425",
            "revoke_rules_on_delete": false,
            "tags": {
              "Name": "int-alb-sg"
            },
            "tags_all": {
              "Name": "int-alb-sg"
            },
            "timeouts": null,
            "vpc_id": "vpc-0e98339b31d9a4452"
          },
          "sensitive_attributes": [],
          "private": "eyJlMmJmYjczMC1lY2FhLTExZTYtOGY4OC0zNDM2M2JjN2M0YzAiOnsiY3JlYXRlIjo2MDAwMDAwMDAwMDAsImRlbGV0ZSI6OTAwMDAwMDAwMDAwfSwic2NoZW1hX3ZlcnNpb24iOiIxIn0=",
          "dependencies": [
            "aws_vpc.main"
          ]
        }
      ]
    },
    {
      "mode": "managed",
      "type": "aws_security_group",
      "name": "nginx-sg",
      "provider": "provider[\"registry.terraform.io/hashicorp/aws\"]",
      "instances": [
        {
          "schema_version": 1,
          "attributes": {
            "arn": "arn:aws:ec2:us-east-1:945397719425:security-group/sg-0722a6960d0d82314",
            "description": "Managed by Terraform",
            "egress": [
              {
                "cidr_blocks": [
                  "0.0.0.0/0"
                ],
                "description": "",
                "from_port": 0,
                "ipv6_cidr_blocks": [],
                "prefix_list_ids": [],
                "protocol": "-1",
                "security_groups": [],
                "self": false,
                "to_port": 0
              }
            ],
            "id": "sg-0722a6960d0d82314",
            "ingress": [],
            "name": "nginx-sg",
            "name_prefix": "",
            "owner_id": "945397719425",
            "revoke_rules_on_delete": false,
            "tags": {
              "Name": "nginx-sg"
            },
            "tags_all": {
              "Name": "nginx-sg"
            },
            "timeouts": null,
            "vpc_id": "vpc-0e98339b31d9a4452"
          },
          "sensitive_attributes": [],
          "private": "eyJlMmJmYjczMC1lY2FhLTExZTYtOGY4OC0zNDM2M2JjN2M0YzAiOnsiY3JlYXRlIjo2MDAwMDAwMDAwMDAsImRlbGV0ZSI6OTAwMDAwMDAwMDAwfSwic2NoZW1hX3ZlcnNpb24iOiIxIn0=",
          "dependencies": [
            "aws_vpc.main"
          ],
          "create_before_destroy": true
        }
      ]
    },
    {
      "mode": "managed",
      "type": "aws_security_group",
      "name": "webserver-sg",
      "provider": "provider[\"registry.terraform.io/hashicorp/aws\"]",
      "instances": [
        {
          "schema_version": 1,
          "attributes": {
            "arn": "arn:aws:ec2:us-east-1:945397719425:security-group/sg-06e79b0f7179f4052",
            "description": "Managed by Terraform",
            "egress": [
              {
                "cidr_blocks": [
                  "0.0.0.0/0"
                ],
                "description": "",
                "from_port": 0,
                "ipv6_cidr_blocks": [],
                "prefix_list_ids": [],
                "protocol": "-1",
                "security_groups": [],
                "self": false,
                "to_port": 0
              }
            ],
            "id": "sg-06e79b0f7179f4052",
            "ingress": [],
            "name": "webserver-sg",
            "name_prefix": "",
            "owner_id": "945397719425",
            "revoke_rules_on_delete": false,
            "tags": {
              "Name": "webserver-sg"
            },
            "tags_all": {
              "Name": "webserver-sg"
            },
            "timeouts": null,
            "vpc_id": "vpc-0e98339b31d9a4452"
          },
          "sensitive_attributes": [],
          "private": "eyJlMmJmYjczMC1lY2FhLTExZTYtOGY4OC0zNDM2M2JjN2M0YzAiOnsiY3JlYXRlIjo2MDAwMDAwMDAwMDAsImRlbGV0ZSI6OTAwMDAwMDAwMDAwfSwic2NoZW1hX3ZlcnNpb24iOiIxIn0=",
          "dependencies": [
            "aws_vpc.main"
          ],
          "create_before_destroy": true
        }
      ]
    },
    {
      "mode": "managed",
      "type": "aws_security_group_rule",
      "name": "inbound-bastion-ssh",
      "provider": "provider[\"registry.terraform.io/hashicorp/aws\"]",
      "instances": [
        {
          "schema_version": 2,
          "attributes": {
            "cidr_blocks": null,
            "description": null,
            "from_port": 22,
            "id": "sgrule-1470324650",
            "ipv6_cidr_blocks": null,
            "prefix_list_ids": null,
            "protocol": "tcp",
            "security_group_id": "sg-0722a6960d0d82314",
            "security_group_rule_id": "sgr-0c1427b84379e15f5",
            "self": false,
            "source_security_group_id": "sg-037301b7bdafb385e",
            "timeouts": null,
            "to_port": 22,
            "type": "ingress"
          },
          "sensitive_attributes": [],
          "private": "eyJlMmJmYjczMC1lY2FhLTExZTYtOGY4OC0zNDM2M2JjN2M0YzAiOnsiY3JlYXRlIjozMDAwMDAwMDAwMDB9LCJzY2hlbWFfdmVyc2lvbiI6IjIifQ==",
          "dependencies": [
            "aws_security_group.bastion_sg",
            "aws_security_group.nginx-sg",
            "aws_vpc.main"
          ]
        }
      ]
    },
    {
      "mode": "managed",
      "type": "aws_security_group_rule",
      "name": "inbound-ialb-https",
      "provider": "provider[\"registry.terraform.io/hashicorp/aws\"]",
      "instances": [
        {
          "schema_version": 2,
          "attributes": {
            "cidr_blocks": null,
            "description": null,
            "from_port": 443,
            "id": "sgrule-1575273779",
            "ipv6_cidr_blocks": null,
            "prefix_list_ids": null,
            "protocol": "tcp",
            "security_group_id": "sg-0d55d7cf450b99e92",
            "security_group_rule_id": "sgr-0b41c4eefb5a5cde6",
            "self": false,
            "source_security_group_id": "sg-0722a6960d0d82314",
            "timeouts": null,
            "to_port": 443,
            "type": "ingress"
          },
          "sensitive_attributes": [],
          "private": "eyJlMmJmYjczMC1lY2FhLTExZTYtOGY4OC0zNDM2M2JjN2M0YzAiOnsiY3JlYXRlIjozMDAwMDAwMDAwMDB9LCJzY2hlbWFfdmVyc2lvbiI6IjIifQ==",
          "dependencies": [
            "aws_security_group.int-alb-sg",
            "aws_security_group.nginx-sg",
            "aws_vpc.main"
          ]
        }
      ]
    },
    {
      "mode": "managed",
      "type": "aws_security_group_rule",
      "name": "inbound-mysql-bastion",
      "provider": "provider[\"registry.terraform.io/hashicorp/aws\"]",
      "instances": [
        {
          "schema_version": 2,
          "attributes": {
            "cidr_blocks": null,
            "description": null,
            "from_port": 3306,
            "id": "sgrule-561908639",
            "ipv6_cidr_blocks": null,
            "prefix_list_ids": null,
            "protocol": "tcp",
            "security_group_id": "sg-0f557f974695d25b9",
            "security_group_rule_id": "sgr-00b6a4d791cd4f55e",
            "self": false,
            "source_security_group_id": "sg-037301b7bdafb385e",
            "timeouts": null,
            "to_port": 3306,
            "type": "ingress"
          },
          "sensitive_attributes": [],
          "private": "eyJlMmJmYjczMC1lY2FhLTExZTYtOGY4OC0zNDM2M2JjN2M0YzAiOnsiY3JlYXRlIjozMDAwMDAwMDAwMDB9LCJzY2hlbWFfdmVyc2lvbiI6IjIifQ==",
          "dependencies": [
            "aws_security_group.bastion_sg",
            "aws_security_group.datalayer-sg",
            "aws_vpc.main"
          ]
        }
      ]
    },
    {
      "mode": "managed",
      "type": "aws_security_group_rule",
      "name": "inbound-mysql-webserver",
      "provider": "provider[\"registry.terraform.io/hashicorp/aws\"]",
      "instances": [
        {
          "schema_version": 2,
          "attributes": {
            "cidr_blocks": null,
            "description": null,
            "from_port": 3306,
            "id": "sgrule-131966306",
            "ipv6_cidr_blocks": null,
            "prefix_list_ids": null,
            "protocol": "tcp",
            "security_group_id": "sg-0f557f974695d25b9",
            "security_group_rule_id": "sgr-08906771ea4cbb30b",
            "self": false,
            "source_security_group_id": "sg-06e79b0f7179f4052",
            "timeouts": null,
            "to_port": 3306,
            "type": "ingress"
          },
          "sensitive_attributes": [],
          "private": "eyJlMmJmYjczMC1lY2FhLTExZTYtOGY4OC0zNDM2M2JjN2M0YzAiOnsiY3JlYXRlIjozMDAwMDAwMDAwMDB9LCJzY2hlbWFfdmVyc2lvbiI6IjIifQ==",
          "dependencies": [
            "aws_security_group.datalayer-sg",
            "aws_security_group.webserver-sg",
            "aws_vpc.main"
          ]
        }
      ]
    },
    {
      "mode": "managed",
      "type": "aws_security_group_rule",
      "name": "inbound-nfs-port",
      "provider": "provider[\"registry.terraform.io/hashicorp/aws\"]",
      "instances": [
        {
          "schema_version": 2,
          "attributes": {
            "cidr_blocks": null,
            "description": null,
            "from_port": 2049,
            "id": "sgrule-2484811240",
            "ipv6_cidr_blocks": null,
            "prefix_list_ids": null,
            "protocol": "tcp",
            "security_group_id": "sg-0f557f974695d25b9",
            "security_group_rule_id": "sgr-02b7fad499eff0fe5",
            "self": false,
            "source_security_group_id": "sg-06e79b0f7179f4052",
            "timeouts": null,
            "to_port": 2049,
            "type": "ingress"
          },
          "sensitive_attributes": [],
          "private": "eyJlMmJmYjczMC1lY2FhLTExZTYtOGY4OC0zNDM2M2JjN2M0YzAiOnsiY3JlYXRlIjozMDAwMDAwMDAwMDB9LCJzY2hlbWFfdmVyc2lvbiI6IjIifQ==",
          "dependencies": [
            "aws_security_group.datalayer-sg",
            "aws_security_group.webserver-sg",
            "aws_vpc.main"
          ]
        }
      ]
    },
    {
      "mode": "managed",
      "type": "aws_security_group_rule",
      "name": "inbound-nginx-http",
      "provider": "provider[\"registry.terraform.io/hashicorp/aws\"]",
      "instances": [
        {
          "schema_version": 2,
          "attributes": {
            "cidr_blocks": null,
            "description": null,
            "from_port": 443,
            "id": "sgrule-2149305028",
            "ipv6_cidr_blocks": null,
            "prefix_list_ids": null,
            "protocol": "tcp",
            "security_group_id": "sg-0722a6960d0d82314",
            "security_group_rule_id": "sgr-0fabc0e236e898385",
            "self": false,
            "source_security_group_id": "sg-036855906d94154b4",
            "timeouts": null,
            "to_port": 443,
            "type": "ingress"
          },
          "sensitive_attributes": [],
          "private": "eyJlMmJmYjczMC1lY2FhLTExZTYtOGY4OC0zNDM2M2JjN2M0YzAiOnsiY3JlYXRlIjozMDAwMDAwMDAwMDB9LCJzY2hlbWFfdmVyc2lvbiI6IjIifQ==",
          "dependencies": [
            "aws_security_group.ext-alb-sg",
            "aws_security_group.nginx-sg",
            "aws_vpc.main"
          ]
        }
      ]
    },
    {
      "mode": "managed",
      "type": "aws_security_group_rule",
      "name": "inbound-web-https",
      "provider": "provider[\"registry.terraform.io/hashicorp/aws\"]",
      "instances": [
        {
          "schema_version": 2,
          "attributes": {
            "cidr_blocks": null,
            "description": null,
            "from_port": 443,
            "id": "sgrule-134590016",
            "ipv6_cidr_blocks": null,
            "prefix_list_ids": null,
            "protocol": "tcp",
            "security_group_id": "sg-06e79b0f7179f4052",
            "security_group_rule_id": "sgr-0c308867a8a481e62",
            "self": false,
            "source_security_group_id": "sg-0d55d7cf450b99e92",
            "timeouts": null,
            "to_port": 443,
            "type": "ingress"
          },
          "sensitive_attributes": [],
          "private": "eyJlMmJmYjczMC1lY2FhLTExZTYtOGY4OC0zNDM2M2JjN2M0YzAiOnsiY3JlYXRlIjozMDAwMDAwMDAwMDB9LCJzY2hlbWFfdmVyc2lvbiI6IjIifQ==",
          "dependencies": [
            "aws_security_group.int-alb-sg",
            "aws_security_group.webserver-sg",
            "aws_vpc.main"
          ]
        }
      ]
    },
    {
      "mode": "managed",
      "type": "aws_security_group_rule",
      "name": "inbound-web-ssh",
      "provider": "provider[\"registry.terraform.io/hashicorp/aws\"]",
      "instances": [
        {
          "schema_version": 2,
          "attributes": {
            "cidr_blocks": null,
            "description": null,
            "from_port": 22,
            "id": "sgrule-3755216689",
            "ipv6_cidr_blocks": null,
            "prefix_list_ids": null,
            "protocol": "tcp",
            "security_group_id": "sg-06e79b0f7179f4052",
            "security_group_rule_id": "sgr-0f98bc80d8a18c886",
            "self": false,
            "source_security_group_id": "sg-037301b7bdafb385e",
            "timeouts": null,
            "to_port": 22,
            "type": "ingress"
          },
          "sensitive_attributes": [],
          "private": "eyJlMmJmYjczMC1lY2FhLTExZTYtOGY4OC0zNDM2M2JjN2M0YzAiOnsiY3JlYXRlIjozMDAwMDAwMDAwMDB9LCJzY2hlbWFfdmVyc2lvbiI6IjIifQ==",
          "dependencies": [
            "aws_security_group.bastion_sg",
            "aws_security_group.webserver-sg",
            "aws_vpc.main"
          ]
        }
      ]
    },
    {
      "mode": "managed",
      "type": "aws_sns_topic",
      "name": "micolo-sns",
      "provider": "provider[\"registry.terraform.io/hashicorp/aws\"]",
      "instances": [
        {
          "schema_version": 0,
          "attributes": {
            "application_failure_feedback_role_arn": "",
            "application_success_feedback_role_arn": "",
            "application_success_feedback_sample_rate": 0,
            "arn": "arn:aws:sns:us-east-1:945397719425:Default_CloudWatch_Alarms_Topic",
            "content_based_deduplication": false,
            "delivery_policy": "",
            "display_name": "",
            "fifo_topic": false,
            "firehose_failure_feedback_role_arn": "",
            "firehose_success_feedback_role_arn": "",
            "firehose_success_feedback_sample_rate": 0,
            "http_failure_feedback_role_arn": "",
            "http_success_feedback_role_arn": "",
            "http_success_feedback_sample_rate": 0,
            "id": "arn:aws:sns:us-east-1:945397719425:Default_CloudWatch_Alarms_Topic",
            "kms_master_key_id": "",
            "lambda_failure_feedback_role_arn": "",
            "lambda_success_feedback_role_arn": "",
            "lambda_success_feedback_sample_rate": 0,
            "name": "Default_CloudWatch_Alarms_Topic",
            "name_prefix": "",
            "owner": "945397719425",
            "policy": "{\"Id\":\"__default_policy_ID\",\"Statement\":[{\"Action\":[\"SNS:GetTopicAttributes\",\"SNS:SetTopicAttributes\",\"SNS:AddPermission\",\"SNS:RemovePermission\",\"SNS:DeleteTopic\",\"SNS:Subscribe\",\"SNS:ListSubscriptionsByTopic\",\"SNS:Publish\"],\"Condition\":{\"StringEquals\":{\"AWS:SourceOwner\":\"945397719425\"}},\"Effect\":\"Allow\",\"Principal\":{\"AWS\":\"*\"},\"Resource\":\"arn:aws:sns:us-east-1:945397719425:Default_CloudWatch_Alarms_Topic\",\"Sid\":\"__default_statement_ID\"}],\"Version\":\"2008-10-17\"}",
            "sqs_failure_feedback_role_arn": "",
            "sqs_success_feedback_role_arn": "",
            "sqs_success_feedback_sample_rate": 0,
            "tags": null,
            "tags_all": {}
          },
          "sensitive_attributes": [],
          "private": "bnVsbA=="
        }
      ]
    },
    {
      "mode": "managed",
      "type": "aws_subnet",
      "name": "private",
      "provider": "provider[\"registry.terraform.io/hashicorp/aws\"]",
      "instances": [
        {
          "index_key": 0,
          "schema_version": 1,
          "attributes": {
            "arn": "arn:aws:ec2:us-east-1:945397719425:subnet/subnet-0e64015dc36326069",
            "assign_ipv6_address_on_creation": false,
            "availability_zone": "us-east-1a",
            "availability_zone_id": "use1-az1",
            "cidr_block": "172.16.32.0/20",
            "customer_owned_ipv4_pool": "",
            "enable_dns64": false,
            "enable_resource_name_dns_a_record_on_launch": false,
            "enable_resource_name_dns_aaaa_record_on_launch": false,
            "id": "subnet-0e64015dc36326069",
            "ipv6_cidr_block": "",
            "ipv6_cidr_block_association_id": "",
            "ipv6_native": false,
            "map_customer_owned_ip_on_launch": false,
            "map_public_ip_on_launch": true,
            "outpost_arn": "",
            "owner_id": "945397719425",
            "private_dns_hostname_type_on_launch": "ip-name",
            "tags": {
              "Billing-Account": "1234567890",
              "Managed-by": "Terraform",
              "Name": "ACS-PrivateSubnet-0",
              "Owner-Email": "micaho2000@gmail.com"
            },
            "tags_all": {
              "Billing-Account": "1234567890",
              "Managed-by": "Terraform",
              "Name": "ACS-PrivateSubnet-0",
              "Owner-Email": "micaho2000@gmail.com"
            },
            "timeouts": null,
            "vpc_id": "vpc-0e98339b31d9a4452"
          },
          "sensitive_attributes": [],
          "private": "eyJlMmJmYjczMC1lY2FhLTExZTYtOGY4OC0zNDM2M2JjN2M0YzAiOnsiY3JlYXRlIjo2MDAwMDAwMDAwMDAsImRlbGV0ZSI6MTIwMDAwMDAwMDAwMH0sInNjaGVtYV92ZXJzaW9uIjoiMSJ9",
          "dependencies": [
            "aws_vpc.main",
            "data.aws_availability_zones.available"
          ]
        },
        {
          "index_key": 1,
          "schema_version": 1,
          "attributes": {
            "arn": "arn:aws:ec2:us-east-1:945397719425:subnet/subnet-02840f9ac8ed51ead",
            "assign_ipv6_address_on_creation": false,
            "availability_zone": "us-east-1b",
            "availability_zone_id": "use1-az2",
            "cidr_block": "172.16.48.0/20",
            "customer_owned_ipv4_pool": "",
            "enable_dns64": false,
            "enable_resource_name_dns_a_record_on_launch": false,
            "enable_resource_name_dns_aaaa_record_on_launch": false,
            "id": "subnet-02840f9ac8ed51ead",
            "ipv6_cidr_block": "",
            "ipv6_cidr_block_association_id": "",
            "ipv6_native": false,
            "map_customer_owned_ip_on_launch": false,
            "map_public_ip_on_launch": true,
            "outpost_arn": "",
            "owner_id": "945397719425",
            "private_dns_hostname_type_on_launch": "ip-name",
            "tags": {
              "Billing-Account": "1234567890",
              "Managed-by": "Terraform",
              "Name": "ACS-PrivateSubnet-1",
              "Owner-Email": "micaho2000@gmail.com"
            },
            "tags_all": {
              "Billing-Account": "1234567890",
              "Managed-by": "Terraform",
              "Name": "ACS-PrivateSubnet-1",
              "Owner-Email": "micaho2000@gmail.com"
            },
            "timeouts": null,
            "vpc_id": "vpc-0e98339b31d9a4452"
          },
          "sensitive_attributes": [],
          "private": "eyJlMmJmYjczMC1lY2FhLTExZTYtOGY4OC0zNDM2M2JjN2M0YzAiOnsiY3JlYXRlIjo2MDAwMDAwMDAwMDAsImRlbGV0ZSI6MTIwMDAwMDAwMDAwMH0sInNjaGVtYV92ZXJzaW9uIjoiMSJ9",
          "dependencies": [
            "aws_vpc.main",
            "data.aws_availability_zones.available"
          ]
        },
        {
          "index_key": 2,
          "schema_version": 1,
          "attributes": {
            "arn": "arn:aws:ec2:us-east-1:945397719425:subnet/subnet-0b24bd5a63f408746",
            "assign_ipv6_address_on_creation": false,
            "availability_zone": "us-east-1c",
            "availability_zone_id": "use1-az4",
            "cidr_block": "172.16.64.0/20",
            "customer_owned_ipv4_pool": "",
            "enable_dns64": false,
            "enable_resource_name_dns_a_record_on_launch": false,
            "enable_resource_name_dns_aaaa_record_on_launch": false,
            "id": "subnet-0b24bd5a63f408746",
            "ipv6_cidr_block": "",
            "ipv6_cidr_block_association_id": "",
            "ipv6_native": false,
            "map_customer_owned_ip_on_launch": false,
            "map_public_ip_on_launch": true,
            "outpost_arn": "",
            "owner_id": "945397719425",
            "private_dns_hostname_type_on_launch": "ip-name",
            "tags": {
              "Billing-Account": "1234567890",
              "Managed-by": "Terraform",
              "Name": "ACS-PrivateSubnet-2",
              "Owner-Email": "micaho2000@gmail.com"
            },
            "tags_all": {
              "Billing-Account": "1234567890",
              "Managed-by": "Terraform",
              "Name": "ACS-PrivateSubnet-2",
              "Owner-Email": "micaho2000@gmail.com"
            },
            "timeouts": null,
            "vpc_id": "vpc-0e98339b31d9a4452"
          },
          "sensitive_attributes": [],
          "private": "eyJlMmJmYjczMC1lY2FhLTExZTYtOGY4OC0zNDM2M2JjN2M0YzAiOnsiY3JlYXRlIjo2MDAwMDAwMDAwMDAsImRlbGV0ZSI6MTIwMDAwMDAwMDAwMH0sInNjaGVtYV92ZXJzaW9uIjoiMSJ9",
          "dependencies": [
            "aws_vpc.main",
            "data.aws_availability_zones.available"
          ]
        },
        {
          "index_key": 3,
          "schema_version": 1,
          "attributes": {
            "arn": "arn:aws:ec2:us-east-1:945397719425:subnet/subnet-05ad73cc2d6768a5c",
            "assign_ipv6_address_on_creation": false,
            "availability_zone": "us-east-1d",
            "availability_zone_id": "use1-az6",
            "cidr_block": "172.16.80.0/20",
            "customer_owned_ipv4_pool": "",
            "enable_dns64": false,
            "enable_resource_name_dns_a_record_on_launch": false,
            "enable_resource_name_dns_aaaa_record_on_launch": false,
            "id": "subnet-05ad73cc2d6768a5c",
            "ipv6_cidr_block": "",
            "ipv6_cidr_block_association_id": "",
            "ipv6_native": false,
            "map_customer_owned_ip_on_launch": false,
            "map_public_ip_on_launch": true,
            "outpost_arn": "",
            "owner_id": "945397719425",
            "private_dns_hostname_type_on_launch": "ip-name",
            "tags": {
              "Billing-Account": "1234567890",
              "Managed-by": "Terraform",
              "Name": "ACS-PrivateSubnet-3",
              "Owner-Email": "micaho2000@gmail.com"
            },
            "tags_all": {
              "Billing-Account": "1234567890",
              "Managed-by": "Terraform",
              "Name": "ACS-PrivateSubnet-3",
              "Owner-Email": "micaho2000@gmail.com"
            },
            "timeouts": null,
            "vpc_id": "vpc-0e98339b31d9a4452"
          },
          "sensitive_attributes": [],
          "private": "eyJlMmJmYjczMC1lY2FhLTExZTYtOGY4OC0zNDM2M2JjN2M0YzAiOnsiY3JlYXRlIjo2MDAwMDAwMDAwMDAsImRlbGV0ZSI6MTIwMDAwMDAwMDAwMH0sInNjaGVtYV92ZXJzaW9uIjoiMSJ9",
          "dependencies": [
            "aws_vpc.main",
            "data.aws_availability_zones.available"
          ]
        }
      ]
    },
    {
      "mode": "managed",
      "type": "aws_subnet",
      "name": "public",
      "provider": "provider[\"registry.terraform.io/hashicorp/aws\"]",
      "instances": [
        {
          "index_key": 0,
          "schema_version": 1,
          "attributes": {
            "arn": "arn:aws:ec2:us-east-1:945397719425:subnet/subnet-0e46e0e70860ccf48",
            "assign_ipv6_address_on_creation": false,
            "availability_zone": "us-east-1a",
            "availability_zone_id": "use1-az1",
            "cidr_block": "172.16.0.0/24",
            "customer_owned_ipv4_pool": "",
            "enable_dns64": false,
            "enable_resource_name_dns_a_record_on_launch": false,
            "enable_resource_name_dns_aaaa_record_on_launch": false,
            "id": "subnet-0e46e0e70860ccf48",
            "ipv6_cidr_block": "",
            "ipv6_cidr_block_association_id": "",
            "ipv6_native": false,
            "map_customer_owned_ip_on_launch": false,
            "map_public_ip_on_launch": true,
            "outpost_arn": "",
            "owner_id": "945397719425",
            "private_dns_hostname_type_on_launch": "ip-name",
            "tags": {
              "Billing-Account": "1234567890",
              "Managed-by": "Terraform",
              "Name": "ACS-PublicSubnet-0",
              "Owner-Email": "micaho2000@gmail.com"
            },
            "tags_all": {
              "Billing-Account": "1234567890",
              "Managed-by": "Terraform",
              "Name": "ACS-PublicSubnet-0",
              "Owner-Email": "micaho2000@gmail.com"
            },
            "timeouts": null,
            "vpc_id": "vpc-0e98339b31d9a4452"
          },
          "sensitive_attributes": [],
          "private": "eyJlMmJmYjczMC1lY2FhLTExZTYtOGY4OC0zNDM2M2JjN2M0YzAiOnsiY3JlYXRlIjo2MDAwMDAwMDAwMDAsImRlbGV0ZSI6MTIwMDAwMDAwMDAwMH0sInNjaGVtYV92ZXJzaW9uIjoiMSJ9",
          "dependencies": [
            "aws_vpc.main",
            "data.aws_availability_zones.available"
          ]
        },
        {
          "index_key": 1,
          "schema_version": 1,
          "attributes": {
            "arn": "arn:aws:ec2:us-east-1:945397719425:subnet/subnet-0b52952bfab926a5f",
            "assign_ipv6_address_on_creation": false,
            "availability_zone": "us-east-1b",
            "availability_zone_id": "use1-az2",
            "cidr_block": "172.16.1.0/24",
            "customer_owned_ipv4_pool": "",
            "enable_dns64": false,
            "enable_resource_name_dns_a_record_on_launch": false,
            "enable_resource_name_dns_aaaa_record_on_launch": false,
            "id": "subnet-0b52952bfab926a5f",
            "ipv6_cidr_block": "",
            "ipv6_cidr_block_association_id": "",
            "ipv6_native": false,
            "map_customer_owned_ip_on_launch": false,
            "map_public_ip_on_launch": true,
            "outpost_arn": "",
            "owner_id": "945397719425",
            "private_dns_hostname_type_on_launch": "ip-name",
            "tags": {
              "Billing-Account": "1234567890",
              "Managed-by": "Terraform",
              "Name": "ACS-PublicSubnet-1",
              "Owner-Email": "micaho2000@gmail.com"
            },
            "tags_all": {
              "Billing-Account": "1234567890",
              "Managed-by": "Terraform",
              "Name": "ACS-PublicSubnet-1",
              "Owner-Email": "micaho2000@gmail.com"
            },
            "timeouts": null,
            "vpc_id": "vpc-0e98339b31d9a4452"
          },
          "sensitive_attributes": [],
          "private": "eyJlMmJmYjczMC1lY2FhLTExZTYtOGY4OC0zNDM2M2JjN2M0YzAiOnsiY3JlYXRlIjo2MDAwMDAwMDAwMDAsImRlbGV0ZSI6MTIwMDAwMDAwMDAwMH0sInNjaGVtYV92ZXJzaW9uIjoiMSJ9",
          "dependencies": [
            "aws_vpc.main",
            "data.aws_availability_zones.available"
          ]
        }
      ]
    },
    {
      "mode": "managed",
      "type": "aws_vpc",
      "name": "main",
      "provider": "provider[\"registry.terraform.io/hashicorp/aws\"]",
      "instances": [
        {
          "schema_version": 1,
          "attributes": {
            "arn": "arn:aws:ec2:us-east-1:945397719425:vpc/vpc-0e98339b31d9a4452",
            "assign_generated_ipv6_cidr_block": false,
            "cidr_block": "172.16.0.0/16",
            "default_network_acl_id": "acl-06ceb043c4ee4fd2a",
            "default_route_table_id": "rtb-0a45dcb870b12bb24",
            "default_security_group_id": "sg-0f623c650ca1d2fce",
            "dhcp_options_id": "dopt-0278396bee6cb3880",
            "enable_classiclink": false,
            "enable_classiclink_dns_support": true,
            "enable_dns_hostnames": true,
            "enable_dns_support": true,
            "enable_network_address_usage_metrics": false,
            "id": "vpc-0e98339b31d9a4452",
            "instance_tenancy": "default",
            "ipv4_ipam_pool_id": null,
            "ipv4_netmask_length": null,
            "ipv6_association_id": "",
            "ipv6_cidr_block": "",
            "ipv6_cidr_block_network_border_group": "",
            "ipv6_ipam_pool_id": "",
            "ipv6_netmask_length": 0,
            "main_route_table_id": "rtb-0a45dcb870b12bb24",
            "owner_id": "945397719425",
            "tags": {
              "Billing-Account": "1234567890",
              "Managed-by": "Terraform",
              "Name": "ACS-VPC",
              "Owner-Email": "micaho2000@gmail.com"
            },
            "tags_all": {
              "Billing-Account": "1234567890",
              "Managed-by": "Terraform",
              "Name": "ACS-VPC",
              "Owner-Email": "micaho2000@gmail.com"
            }
          },
          "sensitive_attributes": [],
          "private": "eyJzY2hlbWFfdmVyc2lvbiI6IjEifQ==",
          "create_before_destroy": true
        }
      ]
    },
    {
      "mode": "managed",
      "type": "random_shuffle",
      "name": "az_list",
      "provider": "provider[\"registry.terraform.io/hashicorp/random\"]",
      "instances": [
        {
          "schema_version": 0,
          "attributes": {
            "id": "-",
            "input": [
              "us-east-1a",
              "us-east-1b",
              "us-east-1c",
              "us-east-1d",
              "us-east-1e",
              "us-east-1f"
            ],
            "keepers": null,
            "result": [
              "us-east-1a",
              "us-east-1b",
              "us-east-1f",
              "us-east-1c",
              "us-east-1e",
              "us-east-1d"
            ],
            "result_count": null,
            "seed": null
          },
          "sensitive_attributes": [],
          "dependencies": [
            "data.aws_availability_zones.available"
          ]
        }
      ]
    }
  ],
  "check_results": null
}
